<?xml version="1.0" encoding="utf-8"?>
<Project ToolsVersion="4.0" xmlns="http://schemas.microsoft.com/developer/msbuild/2003">
  <ItemGroup>
    <Filter Include="ソース ファイル">
      <UniqueIdentifier>{4FC737F1-C7A5-4376-A066-2A32D752A2FF}</UniqueIdentifier>
      <Extensions>cpp;c;cc;cxx;c++;cppm;ixx;def;odl;idl;hpj;bat;asm;asmx</Extensions>
    </Filter>
    <Filter Include="ヘッダー ファイル">
      <UniqueIdentifier>{93995380-89BD-4b04-88EB-625FBE52EBFB}</UniqueIdentifier>
      <Extensions>h;hh;hpp;hxx;h++;hm;inl;inc;ipp;xsd</Extensions>
    </Filter>
    <Filter Include="リソース ファイル">
      <UniqueIdentifier>{67DA6AB6-F800-4c08-8B7A-83BB121AAD01}</UniqueIdentifier>
      <Extensions>rc;ico;cur;bmp;dlg;rc2;rct;bin;rgs;gif;jpg;jpeg;jpe;resx;tiff;tif;png;wav;mfcribbon-ms</Extensions>
    </Filter>
    <Filter Include="Engine">
      <UniqueIdentifier>{475c444e-45e0-4f8b-a158-8b55ba27939a}</UniqueIdentifier>
    </Filter>
    <Filter Include="Engine\Include">
      <UniqueIdentifier>{6459b621-5613-400b-8a6a-9f8c21c0701b}</UniqueIdentifier>
    </Filter>
    <Filter Include="Engine\Include\WinApp">
      <UniqueIdentifier>{bdeb0850-bb48-4a00-a675-4a12f087b509}</UniqueIdentifier>
    </Filter>
    <Filter Include="Engine\Include\Func">
      <UniqueIdentifier>{e6d6118b-2e12-44e6-845c-6800784e700b}</UniqueIdentifier>
    </Filter>
    <Filter Include="Engine\Include\Func\ConvertString">
      <UniqueIdentifier>{aa8eef1e-8185-4c86-8f07-d46f4058c575}</UniqueIdentifier>
    </Filter>
    <Filter Include="Engine\Include\LogFile">
      <UniqueIdentifier>{717f1a3b-07be-4ec4-a841-1afe854d047a}</UniqueIdentifier>
    </Filter>
    <Filter Include="Engine\Include\Math">
      <UniqueIdentifier>{8242f031-fc5f-4c4c-96af-bd4ba73f4884}</UniqueIdentifier>
    </Filter>
    <Filter Include="Engine\Include\Math\Vector2">
      <UniqueIdentifier>{f09d6009-530c-4b8d-bca3-3fe1e0e958c1}</UniqueIdentifier>
    </Filter>
    <Filter Include="Engine\Include\Math\Vector3">
      <UniqueIdentifier>{de5c37a8-1133-41d9-8854-54ed843ca9bb}</UniqueIdentifier>
    </Filter>
    <Filter Include="Engine\Include\Math\Vector1">
      <UniqueIdentifier>{72aa6cfa-d545-4571-9b49-3d39c127045d}</UniqueIdentifier>
    </Filter>
    <Filter Include="Engine\Include\Math\Vector4">
      <UniqueIdentifier>{a6c00fd0-0b50-4f7a-8ab7-8daaf3a6f322}</UniqueIdentifier>
    </Filter>
    <Filter Include="Engine\Include\DirectXBase">
      <UniqueIdentifier>{7a619389-ce8d-4af3-9eb4-a0b900e1ee73}</UniqueIdentifier>
    </Filter>
    <Filter Include="Engine\Include\DirectXBase\DirectXDevice">
      <UniqueIdentifier>{37d0084b-0eee-4e69-99f3-55b501d557ac}</UniqueIdentifier>
    </Filter>
    <Filter Include="Engine\Include\Func\CrushHandler">
      <UniqueIdentifier>{59209c0f-9e99-4f6f-b983-aa76421bf2bb}</UniqueIdentifier>
    </Filter>
    <Filter Include="Engine\Include\DirectXBase\DirectXCommand">
      <UniqueIdentifier>{9faffcbb-153f-4c83-a953-64d22f9e8477}</UniqueIdentifier>
    </Filter>
    <Filter Include="Engine\Include\DirectXBase\DirectXHeap">
      <UniqueIdentifier>{1ef69ca3-d451-4f89-8ea2-f9c9b3be3979}</UniqueIdentifier>
    </Filter>
    <Filter Include="Engine\Include\DirectXBase\DirectXBuffering">
      <UniqueIdentifier>{ff80784e-50f6-494d-8a4b-4e184025a6e0}</UniqueIdentifier>
    </Filter>
    <Filter Include="Engine\Include\DirectXBase\DirectXDebug">
      <UniqueIdentifier>{0a1246e9-544d-4227-bd7a-5d049f906e74}</UniqueIdentifier>
    </Filter>
    <Filter Include="Engine\Include\DirectXBase\DirectXFence">
      <UniqueIdentifier>{1c375bb0-b07e-475c-89bf-f743b8adb7e1}</UniqueIdentifier>
    </Filter>
    <Filter Include="Engine\Shader">
      <UniqueIdentifier>{fecc635c-d963-4d7f-bd83-babb8fe4add7}</UniqueIdentifier>
    </Filter>
    <Filter Include="Engine\Shader\Primitive">
      <UniqueIdentifier>{9970ef29-ffdc-43f3-9fd7-fc62d7a620dd}</UniqueIdentifier>
    </Filter>
    <Filter Include="Engine\Include\DirectXBase\DirectXDraw">
      <UniqueIdentifier>{b541e424-0ca9-4771-8fe4-bef46b656422}</UniqueIdentifier>
    </Filter>
    <Filter Include="Engine\Include\DirectXBase\DirectXDraw\DirectXShaderCompile">
      <UniqueIdentifier>{743ead50-15d2-441b-8651-b18d09d9c073}</UniqueIdentifier>
    </Filter>
    <Filter Include="Engine\Include\Func\CreateBufferResource">
      <UniqueIdentifier>{6a780bdc-608b-423b-b4fd-7ee6bc501002}</UniqueIdentifier>
    </Filter>
    <Filter Include="Engine\Include\Math\Matrix4x4">
      <UniqueIdentifier>{8d346657-3693-4f5c-a955-ce67d0365658}</UniqueIdentifier>
    </Filter>
    <Filter Include="Externals">
      <UniqueIdentifier>{8a6493c2-3ccb-4d89-ad3f-6ec691f985bb}</UniqueIdentifier>
    </Filter>
    <Filter Include="Externals\ImGui">
      <UniqueIdentifier>{b6c82092-a6ac-477c-9d62-c7a122222239}</UniqueIdentifier>
    </Filter>
    <Filter Include="Engine\Include\Func\DirectXTransitionBarrier">
      <UniqueIdentifier>{76721cd8-d9aa-49f4-a033-67bcd75cd194}</UniqueIdentifier>
    </Filter>
    <Filter Include="Engine\Include\Func\LoadTexture">
      <UniqueIdentifier>{9d3096eb-1ba9-4c9c-8d96-7ceaf4d00191}</UniqueIdentifier>
    </Filter>
    <Filter Include="Engine\Include\DirectXBase\DirectXDraw\TextureStore">
      <UniqueIdentifier>{77f17519-3a2f-46aa-91f8-265f621846eb}</UniqueIdentifier>
    </Filter>
    <Filter Include="Engine\Include\DirectXBase\ResourcesDepthStencil">
      <UniqueIdentifier>{820a6ebe-7db8-4569-a78d-ebd623ca873e}</UniqueIdentifier>
    </Filter>
    <Filter Include="Engine\Include\DirectXBase\DirectXDraw\BaseOrganizePSO">
      <UniqueIdentifier>{b7227316-3fef-4d71-bed1-5286622f6847}</UniqueIdentifier>
    </Filter>
    <Filter Include="Engine\Include\DirectXBase\DirectXDraw\BaseOrganizePSO\OrganizePSOPrimitive">
      <UniqueIdentifier>{f76cd2d4-5835-4c57-a408-b774176981bd}</UniqueIdentifier>
    </Filter>
    <Filter Include="Engine\Include\DirectXBase\DirectXDraw\BaseOrganizePSO\BaseSinglePSO">
      <UniqueIdentifier>{be4f900c-b83d-45e9-bcee-ba858a050aca}</UniqueIdentifier>
    </Filter>
    <Filter Include="Engine\Include\DirectXBase\DirectXDraw\BaseOrganizePSO\OrganizePSOPrimitive\SinglePSOPrimitiveNone">
      <UniqueIdentifier>{d4d2cf54-b4bc-4214-b048-846f9408e0d0}</UniqueIdentifier>
    </Filter>
    <Filter Include="Engine\Include\DirectXBase\DirectXDraw\Camera">
      <UniqueIdentifier>{73cc7a30-8e06-48b1-9bff-4243a41a1482}</UniqueIdentifier>
    </Filter>
    <Filter Include="Engine\Include\DirectXBase\DirectXDraw\ResourcesData">
      <UniqueIdentifier>{30d49bd3-44fb-4192-a835-5b9539bc3af0}</UniqueIdentifier>
    </Filter>
    <Filter Include="Game">
      <UniqueIdentifier>{e4555eb9-0b5b-4d70-85f7-68cbff4eb8dc}</UniqueIdentifier>
    </Filter>
    <Filter Include="Engine\Include\Input">
      <UniqueIdentifier>{9bdbdc36-9f25-48d5-aa25-29dbc10666b7}</UniqueIdentifier>
    </Filter>
    <Filter Include="Engine\Include\AudioStore">
      <UniqueIdentifier>{9553d818-a45d-4de5-8f14-6ef028e363c9}</UniqueIdentifier>
    </Filter>
    <Filter Include="Engine\Include\DirectXBase\DirectXDraw\BaseMesh">
      <UniqueIdentifier>{59e41c99-6b00-4a72-98a7-f1d5b3568ea2}</UniqueIdentifier>
    </Filter>
    <Filter Include="Engine\Include\DirectXBase\DirectXDraw\DataForGPU">
      <UniqueIdentifier>{fed8f1fe-7418-40f8-8409-02e4dfa673fb}</UniqueIdentifier>
    </Filter>
    <Filter Include="Engine\Include\DirectXBase\DirectXDraw\DataForGPU\VertexData">
      <UniqueIdentifier>{f2010888-5f83-4575-84f8-6ac1c3ff0d88}</UniqueIdentifier>
    </Filter>
    <Filter Include="Engine\Include\DirectXBase\DirectXDraw\DataForGPU\TransformationData">
      <UniqueIdentifier>{473a4005-89b1-41f1-9e06-0af93bf2d519}</UniqueIdentifier>
    </Filter>
    <Filter Include="Engine\Include\DirectXBase\DirectXDraw\DataForGPU\LightData">
      <UniqueIdentifier>{2f3c0e5d-792d-430a-b878-fac353217578}</UniqueIdentifier>
    </Filter>
    <Filter Include="Engine\Include\DirectXBase\DirectXDraw\DataForGPU\MaterialData">
      <UniqueIdentifier>{4af457a4-93a5-42aa-af9b-786ed1fa97b4}</UniqueIdentifier>
    </Filter>
    <Filter Include="Engine\Include\Collision">
      <UniqueIdentifier>{d20bfc61-b422-425e-a95a-072c138d2bc8}</UniqueIdentifier>
    </Filter>
    <Filter Include="Engine\Include\Collision\Shape">
      <UniqueIdentifier>{12fdbde9-8f41-486d-aea7-a4de919ebe94}</UniqueIdentifier>
    </Filter>
    <Filter Include="Engine\Include\Collision\Shape\AABB">
      <UniqueIdentifier>{3f7d40bf-f8c2-4432-9af5-65df6afc6d9c}</UniqueIdentifier>
    </Filter>
    <Filter Include="Engine\Include\Collision\Shape\Line">
      <UniqueIdentifier>{46b647c7-1ce4-4902-899c-8cfd514011a0}</UniqueIdentifier>
    </Filter>
    <Filter Include="Engine\Include\Collision\Shape\Ray">
      <UniqueIdentifier>{4497b8a7-8ae1-49a6-ab56-a616b904097a}</UniqueIdentifier>
    </Filter>
    <Filter Include="Engine\Include\Collision\Shape\Segment">
      <UniqueIdentifier>{a6c47355-a1d2-416c-ac6e-c4378ab5f143}</UniqueIdentifier>
    </Filter>
    <Filter Include="Engine\Include\Collision\Shape\OBB">
      <UniqueIdentifier>{3a401c6e-9552-47b6-913e-5c8d9c63e796}</UniqueIdentifier>
    </Filter>
    <Filter Include="Engine\Include\Collision\Shape\Plane">
      <UniqueIdentifier>{84a8c17c-929a-4873-9d24-7bfd1c036b21}</UniqueIdentifier>
    </Filter>
    <Filter Include="Engine\Include\Collision\Shape\Triangle">
      <UniqueIdentifier>{5bc5a90d-eb03-43fb-8f11-28e2f81be530}</UniqueIdentifier>
    </Filter>
    <Filter Include="Engine\Include\Math\Matrix3x3">
      <UniqueIdentifier>{b3bd4a17-db25-4d59-89a8-9f0966b653ea}</UniqueIdentifier>
    </Filter>
    <Filter Include="Engine\Include\DirectXBase\DirectXDraw\Camera\Camera3D">
      <UniqueIdentifier>{928e8cb0-51f0-42b8-8b45-781d10b00abd}</UniqueIdentifier>
    </Filter>
    <Filter Include="Engine\Include\DirectXBase\DirectXDraw\Camera\Camera2D">
      <UniqueIdentifier>{360f9516-4a3f-4ad5-a43c-8826380b3acf}</UniqueIdentifier>
    </Filter>
    <Filter Include="Engine\Include\Collision\Shape\Sphere">
      <UniqueIdentifier>{bb0dfe7f-cd7f-4e1d-aead-bd49db91d363}</UniqueIdentifier>
    </Filter>
    <Filter Include="Engine\Include\DirectXBase\DirectXDraw\ModelStore">
      <UniqueIdentifier>{885f4ad6-736d-4110-86fd-229051e35c82}</UniqueIdentifier>
    </Filter>
    <Filter Include="Engine\Include\DirectXBase\DirectXDraw\ModelStore\ModelData">
      <UniqueIdentifier>{640c65b4-7de3-48a2-bde1-843b72faac69}</UniqueIdentifier>
    </Filter>
    <Filter Include="Engine\Include\Physics">
      <UniqueIdentifier>{bf3c0dc4-4f3d-4633-93b1-a23e39d824d7}</UniqueIdentifier>
    </Filter>
    <Filter Include="Engine\Include\Physics\AirDrag">
      <UniqueIdentifier>{ef9c3b5c-03c7-4b6d-8d6c-1816424e11e3}</UniqueIdentifier>
    </Filter>
    <Filter Include="Engine\Include\Physics\Friction">
      <UniqueIdentifier>{dce6610e-af40-4215-ab6d-03aabad568ec}</UniqueIdentifier>
    </Filter>
    <Filter Include="Engine\Include\DirectXBase\DirectXDraw\BaseOrganizePSO\OrganizePSOPrimitive\SinglePSOPrimitiveNormal">
      <UniqueIdentifier>{0d116557-1200-493e-aa1b-b53ce6bdd90e}</UniqueIdentifier>
    </Filter>
    <Filter Include="Engine\Include\DirectXBase\DirectXDraw\BaseOrganizePSO\EnumBlendMode">
      <UniqueIdentifier>{a0cbc922-5cb7-4e25-93a6-c0822015409d}</UniqueIdentifier>
    </Filter>
    <Filter Include="Engine\Include\DirectXBase\DirectXDraw\BaseMesh\MeshUVSphere">
      <UniqueIdentifier>{b38b14f2-9ea7-40c7-93da-da2daab009c5}</UniqueIdentifier>
    </Filter>
    <Filter Include="Engine\Include\DirectXBase\DirectXDraw\BaseOrganizePSO\OrganizePSOPrimitive\SinglePSOPrimitiveAdd">
      <UniqueIdentifier>{02e3e603-e298-4e2c-874e-6821c0eea8a2}</UniqueIdentifier>
    </Filter>
    <Filter Include="Engine\Include\DirectXBase\DirectXDraw\BaseOrganizePSO\OrganizePSOPrimitive\SinglePSOPrimitiveSubtract">
      <UniqueIdentifier>{08ac57c8-a33d-4c1f-b91f-96879d3eef54}</UniqueIdentifier>
    </Filter>
    <Filter Include="Engine\Include\DirectXBase\DirectXDraw\BaseOrganizePSO\OrganizePSOPrimitive\SinglePSOPrimitiveMultiply">
      <UniqueIdentifier>{fbb488a3-9cb1-4934-b7b6-448d834c0f6b}</UniqueIdentifier>
    </Filter>
    <Filter Include="Engine\Include\DirectXBase\DirectXDraw\BaseOrganizePSO\OrganizePSOPrimitive\SinglePSOPrimitiveScreen">
      <UniqueIdentifier>{58f78c58-ac87-465d-b677-48b95d65d621}</UniqueIdentifier>
    </Filter>
    <Filter Include="Engine\Include\DirectXBase\DirectXDraw\BaseMesh\MeshCube">
      <UniqueIdentifier>{f65186f7-7813-40b2-8a5a-19dd61900e31}</UniqueIdentifier>
    </Filter>
    <Filter Include="Engine\Include\DirectXBase\DirectXDraw\BaseMesh\MeshSprite">
      <UniqueIdentifier>{39009ab9-c8b9-4ad9-9e80-a82f53d86374}</UniqueIdentifier>
    </Filter>
    <Filter Include="Engine\Include\DirectXBase\DirectXDraw\ResourcesData\PrimitiveResourcesData">
      <UniqueIdentifier>{1dcc48f9-d56b-4177-ab20-19aafd71f92f}</UniqueIdentifier>
    </Filter>
    <Filter Include="Engine\Include\DirectXBase\DirectXDraw\ResourcesData\PrimitiveResourcesData\PrimitiveResourcesCube">
      <UniqueIdentifier>{ae757ede-0616-4a7e-8b81-0533c52274de}</UniqueIdentifier>
    </Filter>
    <Filter Include="Engine\Include\DirectXBase\DirectXDraw\ResourcesData\PrimitiveResourcesData\PrimitiveResourcesSprite">
      <UniqueIdentifier>{90781b82-c6b9-47bd-bb1e-23e31627384e}</UniqueIdentifier>
    </Filter>
    <Filter Include="Engine\Include\DirectXBase\DirectXDraw\ResourcesData\PrimitiveResourcesData\PrimitiveResourcesUVSphere">
      <UniqueIdentifier>{ed31136d-ef53-4ff5-ba6f-fa0199dd230b}</UniqueIdentifier>
    </Filter>
    <Filter Include="Engine\Include\DirectXBase\DirectXDraw\ResourcesData\DirectionalLightResourcesData">
      <UniqueIdentifier>{a26a2470-ca39-425c-8c79-684a6fbe7330}</UniqueIdentifier>
    </Filter>
    <Filter Include="Engine\Include\Func\LoadModel">
      <UniqueIdentifier>{59681325-f505-4564-8832-1de225bc2ee5}</UniqueIdentifier>
    </Filter>
    <Filter Include="Engine\Include\DirectXBase\DirectXDraw\BaseMesh\MeshModel">
      <UniqueIdentifier>{17fcaea7-f009-46b5-ac48-03041b69fa6c}</UniqueIdentifier>
    </Filter>
    <Filter Include="Engine\Include\DirectXBase\DirectXDraw\ResourcesData\IndexVertexResourcesData">
      <UniqueIdentifier>{3ee9378c-620d-4919-b4bd-0a259ba0c617}</UniqueIdentifier>
    </Filter>
    <Filter Include="Engine\Include\DirectXBase\DirectXDraw\ResourcesData\MaterialResourcesDataCBV">
      <UniqueIdentifier>{8884de02-bb17-4e15-8d21-597d0845bdea}</UniqueIdentifier>
    </Filter>
    <Filter Include="Engine\Include\DirectXBase\DirectXDraw\ResourcesData\TransformationResourcesDataCBV">
      <UniqueIdentifier>{e9c15c28-5eee-4405-af81-9378787b7faf}</UniqueIdentifier>
    </Filter>
    <Filter Include="Engine\Include\DirectXBase\DirectXDraw\ResourcesData\MainCameraResourcesDataCBV">
      <UniqueIdentifier>{c8918cb2-0e0d-4db3-8a82-b7c584bdef42}</UniqueIdentifier>
    </Filter>
    <Filter Include="Engine\Include\DirectXBase\DirectXDraw\DataForGPU\CameraDataForGPU">
      <UniqueIdentifier>{d9cfbcdc-174b-46f6-b132-33798544d0ca}</UniqueIdentifier>
    </Filter>
    <Filter Include="Engine\Include\DirectXBase\DirectXDraw\BaseMesh\MeshOptions">
      <UniqueIdentifier>{6ffb319e-0ad7-4fab-9c6f-949c474097f1}</UniqueIdentifier>
    </Filter>
    <Filter Include="Engine\Include\DirectXBase\DirectXDraw\BaseMesh\MeshOptions\Material">
      <UniqueIdentifier>{61d8dba2-13cd-4f3e-9197-8cc539eb3af2}</UniqueIdentifier>
    </Filter>
    <Filter Include="Engine\Include\DirectXBase\DirectXDraw\BaseMesh\MeshOptions\WorldTransform3D">
      <UniqueIdentifier>{79e47c0b-77f7-4144-b048-64cb4037419e}</UniqueIdentifier>
    </Filter>
    <Filter Include="Engine\Include\DirectXBase\DirectXDraw\BaseMesh\MeshOptions\WorldTransform2D">
      <UniqueIdentifier>{7a7ab8d3-3960-430c-8ec8-75ac19ef2954}</UniqueIdentifier>
    </Filter>
    <Filter Include="Engine\Include\DirectXBase\DirectXDraw\BaseMesh\MeshOptions\UVTransform">
      <UniqueIdentifier>{12780518-5433-46dc-83e6-69c6150fcff4}</UniqueIdentifier>
    </Filter>
    <Filter Include="Engine\Include\DirectXBase\DirectXDraw\BaseMesh\MeshOptions\Transform">
      <UniqueIdentifier>{0bebbc86-7cfc-4d47-8ba8-d0ad641818ed}</UniqueIdentifier>
    </Filter>
    <Filter Include="Engine\Include\DirectXBase\DirectXDraw\ResourcesData\PointLightResourcesData">
      <UniqueIdentifier>{85d04012-b5f4-4343-85cb-c1b5cb5046f1}</UniqueIdentifier>
    </Filter>
    <Filter Include="Engine\Include\DirectXBase\DirectXDraw\ResourcesData\SpotLightResourcesData">
      <UniqueIdentifier>{fa2a88e9-96af-4113-b8d4-395b2a8a7e3f}</UniqueIdentifier>
    </Filter>
  </ItemGroup>
  <ItemGroup>
    <ClCompile Include="main.cpp">
      <Filter>ソース ファイル</Filter>
    </ClCompile>
    <ClCompile Include="Engine\Include\MugenEngine.cpp">
      <Filter>Engine\Include</Filter>
    </ClCompile>
    <ClCompile Include="Engine\Include\WinApp\WinApp.cpp">
      <Filter>Engine\Include\WinApp</Filter>
    </ClCompile>
    <ClCompile Include="Engine\Include\Func\ConvertString\ConvertString.cpp">
      <Filter>Engine\Include\Func\ConvertString</Filter>
    </ClCompile>
    <ClCompile Include="Engine\Include\LogFile\LogFile.cpp">
      <Filter>Engine\Include\LogFile</Filter>
    </ClCompile>
    <ClCompile Include="Engine\Include\Math\Vector2\Vector2.cpp">
      <Filter>Engine\Include\Math\Vector2</Filter>
    </ClCompile>
    <ClCompile Include="Engine\Include\Math\Vector3\Vector3.cpp">
      <Filter>Engine\Include\Math\Vector3</Filter>
    </ClCompile>
    <ClCompile Include="Engine\Include\Math\Vector1\Vector1.cpp">
      <Filter>Engine\Include\Math\Vector1</Filter>
    </ClCompile>
    <ClCompile Include="Engine\Include\Math\Vector4\Vector4.cpp">
      <Filter>Engine\Include\Math\Vector4</Filter>
    </ClCompile>
    <ClCompile Include="Engine\Include\DirectXBase\DirectXBase.cpp">
      <Filter>Engine\Include\DirectXBase</Filter>
    </ClCompile>
    <ClCompile Include="Engine\Include\DirectXBase\DirectXDevice\DirectXDevice.cpp">
      <Filter>Engine\Include\DirectXBase\DirectXDevice</Filter>
    </ClCompile>
    <ClCompile Include="Engine\Include\Func\CrushHandler\CrushHandler.cpp">
      <Filter>Engine\Include\Func\CrushHandler</Filter>
    </ClCompile>
    <ClCompile Include="Engine\Include\DirectXBase\DirectXCommand\DirectXCommand.cpp">
      <Filter>Engine\Include\DirectXBase\DirectXCommand</Filter>
    </ClCompile>
    <ClCompile Include="Engine\Include\DirectXBase\DirectXHeap\DirectXHeap.cpp">
      <Filter>Engine\Include\DirectXBase\DirectXHeap</Filter>
    </ClCompile>
    <ClCompile Include="Engine\Include\DirectXBase\DirectXBuffering\DirectXBuffering.cpp">
      <Filter>Engine\Include\DirectXBase\DirectXBuffering</Filter>
    </ClCompile>
    <ClCompile Include="Engine\Include\DirectXBase\DirectXDebug\DirectXDebug.cpp">
      <Filter>Engine\Include\DirectXBase\DirectXDebug</Filter>
    </ClCompile>
    <ClCompile Include="Engine\Include\Func\DirectXTransitionBarrier\DirectXTransitionBarrier.cpp">
      <Filter>Engine\Include\Func\DirectXTransitionBarrier</Filter>
    </ClCompile>
    <ClCompile Include="Engine\Include\DirectXBase\DirectXFence\DirectXFence.cpp">
      <Filter>Engine\Include\DirectXBase\DirectXFence</Filter>
    </ClCompile>
    <ClCompile Include="Engine\Include\DirectXBase\DirectXDraw\DirectXShaderCompile\DirectXShaderCompile.cpp">
      <Filter>Engine\Include\DirectXBase\DirectXDraw\DirectXShaderCompile</Filter>
    </ClCompile>
    <ClCompile Include="Engine\Include\DirectXBase\DirectXDraw\DirectXDraw.cpp">
      <Filter>Engine\Include\DirectXBase\DirectXDraw</Filter>
    </ClCompile>
    <ClCompile Include="Engine\Include\DirectXBase\DirectXDraw\BaseOrganizePSO\OrganizePSOPrimitive\OrganizePSOPrimitive.cpp">
      <Filter>Engine\Include\DirectXBase\DirectXDraw\BaseOrganizePSO\OrganizePSOPrimitive</Filter>
    </ClCompile>
    <ClCompile Include="Engine\Include\DirectXBase\DirectXDraw\BaseOrganizePSO\BaseSinglePSO\BaseSinglePSO.cpp">
      <Filter>Engine\Include\DirectXBase\DirectXDraw\BaseOrganizePSO\BaseSinglePSO</Filter>
    </ClCompile>
    <ClCompile Include="Engine\Include\DirectXBase\DirectXDraw\BaseOrganizePSO\OrganizePSOPrimitive\SinglePSOPrimitiveNone\SinglePSOPrimitiveNone.cpp">
      <Filter>Engine\Include\DirectXBase\DirectXDraw\BaseOrganizePSO\OrganizePSOPrimitive\SinglePSOPrimitiveNone</Filter>
    </ClCompile>
    <ClCompile Include="Engine\Include\Func\CreateBufferResource\CreateBufferResource.cpp">
      <Filter>Engine\Include\Func\CreateBufferResource</Filter>
    </ClCompile>
    <ClCompile Include="Engine\Include\Math\Matrix4x4\Matrix4x4.cpp">
      <Filter>Engine\Include\Math\Matrix4x4</Filter>
    </ClCompile>
    <ClCompile Include="Engine\Include\DirectXBase\DirectXDraw\BaseMesh\MeshOptions\Transform\Transform.cpp">
      <Filter>Engine\Include\DirectXBase\DirectXDraw\BaseMesh\MeshOptions\Transform</Filter>
    </ClCompile>
    <ClCompile Include="Externals\ImGui\imgui.cpp">
      <Filter>Externals\ImGui</Filter>
    </ClCompile>
    <ClCompile Include="Externals\ImGui\imgui_demo.cpp">
      <Filter>Externals\ImGui</Filter>
    </ClCompile>
    <ClCompile Include="Externals\ImGui\imgui_draw.cpp">
      <Filter>Externals\ImGui</Filter>
    </ClCompile>
    <ClCompile Include="Externals\ImGui\imgui_impl_dx12.cpp">
      <Filter>Externals\ImGui</Filter>
    </ClCompile>
    <ClCompile Include="Externals\ImGui\imgui_impl_win32.cpp">
      <Filter>Externals\ImGui</Filter>
    </ClCompile>
    <ClCompile Include="Externals\ImGui\imgui_tables.cpp">
      <Filter>Externals\ImGui</Filter>
    </ClCompile>
    <ClCompile Include="Externals\ImGui\imgui_widgets.cpp">
      <Filter>Externals\ImGui</Filter>
    </ClCompile>
    <ClCompile Include="Engine\Include\Func\LoadTexture\LoadTexture.cpp">
      <Filter>Engine\Include\Func\LoadTexture</Filter>
    </ClCompile>
    <ClCompile Include="Engine\Include\DirectXBase\DirectXDraw\DataForGPU\VertexData\VertexData.cpp">
      <Filter>Engine\Include\DirectXBase\DirectXDraw\DataForGPU\VertexData</Filter>
    </ClCompile>
    <ClCompile Include="Engine\Include\DirectXBase\DirectXDraw\TextureStore\TextureStore.cpp">
      <Filter>Engine\Include\DirectXBase\DirectXDraw\TextureStore</Filter>
    </ClCompile>
    <ClCompile Include="Engine\Include\DirectXBase\ResourcesDepthStencil\ResourcesDepthStencil.cpp">
      <Filter>Engine\Include\DirectXBase\ResourcesDepthStencil</Filter>
    </ClCompile>
    <ClCompile Include="Engine\Include\DirectXBase\DirectXDraw\BaseOrganizePSO\BaseOrganizePSO.cpp">
      <Filter>Engine\Include\DirectXBase\DirectXDraw\BaseOrganizePSO</Filter>
    </ClCompile>
    <ClCompile Include="Engine\Include\DirectXBase\DirectXDraw\BaseMesh\MeshOptions\WorldTransform3D\WorldTransform3D.cpp">
      <Filter>Engine\Include\DirectXBase\DirectXDraw\BaseMesh\MeshOptions\WorldTransform3D</Filter>
    </ClCompile>
    <ClCompile Include="Engine\Include\DirectXBase\DirectXDraw\DataForGPU\MaterialData\MaterialData.cpp">
      <Filter>Engine\Include\DirectXBase\DirectXDraw\DataForGPU\MaterialData</Filter>
    </ClCompile>
    <ClCompile Include="Engine\Include\DirectXBase\DirectXDraw\DataForGPU\TransformationData\TransformationData.cpp">
      <Filter>Engine\Include\DirectXBase\DirectXDraw\DataForGPU\TransformationData</Filter>
    </ClCompile>
    <ClCompile Include="Engine\Include\DirectXBase\DirectXDraw\DataForGPU\LightData\LightData.cpp">
      <Filter>Engine\Include\DirectXBase\DirectXDraw\DataForGPU\LightData</Filter>
    </ClCompile>
    <ClCompile Include="Game\Game.cpp">
      <Filter>Game</Filter>
    </ClCompile>
    <ClCompile Include="Engine\Include\Input\Input.cpp">
      <Filter>Engine\Include\Input</Filter>
    </ClCompile>
    <ClCompile Include="Engine\Include\AudioStore\AudioStore.cpp">
      <Filter>Engine\Include\AudioStore</Filter>
    </ClCompile>
    <ClCompile Include="Engine\Include\DirectXBase\DirectXDraw\BaseMesh\BaseMesh.cpp">
      <Filter>Engine\Include\DirectXBase\DirectXDraw\BaseMesh</Filter>
    </ClCompile>
    <ClCompile Include="Engine\Include\Collision\Collision.cpp">
      <Filter>Engine\Include\Collision</Filter>
    </ClCompile>
    <ClCompile Include="Engine\Include\Collision\Shape\AABB\AABB.cpp">
      <Filter>Engine\Include\Collision\Shape\AABB</Filter>
    </ClCompile>
    <ClCompile Include="Engine\Include\Collision\Shape\Line\Line.cpp">
      <Filter>Engine\Include\Collision\Shape\Line</Filter>
    </ClCompile>
    <ClCompile Include="Engine\Include\Collision\Shape\Triangle\Triangle.cpp">
      <Filter>Engine\Include\Collision\Shape\Triangle</Filter>
    </ClCompile>
    <ClCompile Include="Engine\Include\Collision\Shape\Ray\Ray.cpp">
      <Filter>Engine\Include\Collision\Shape\Ray</Filter>
    </ClCompile>
    <ClCompile Include="Engine\Include\Collision\Shape\Segment\Segment.cpp">
      <Filter>Engine\Include\Collision\Shape\Segment</Filter>
    </ClCompile>
    <ClCompile Include="Engine\Include\Collision\Shape\Plane\Plane.cpp">
      <Filter>Engine\Include\Collision\Shape\Plane</Filter>
    </ClCompile>
    <ClCompile Include="Engine\Include\Collision\Shape\OBB\OBB.cpp">
      <Filter>Engine\Include\Collision\Shape\OBB</Filter>
    </ClCompile>
    <ClCompile Include="Engine\Include\Math\Matrix3x3\Matrix3x3.cpp">
      <Filter>Engine\Include\Math\Matrix3x3</Filter>
    </ClCompile>
    <ClCompile Include="Engine\Include\DirectXBase\DirectXDraw\BaseMesh\MeshOptions\WorldTransform2D\WorldTransform2D.cpp">
      <Filter>Engine\Include\DirectXBase\DirectXDraw\BaseMesh\MeshOptions\WorldTransform2D</Filter>
    </ClCompile>
    <ClCompile Include="Engine\Include\DirectXBase\DirectXDraw\BaseMesh\MeshOptions\UVTransform\UVTransform.cpp">
      <Filter>Engine\Include\DirectXBase\DirectXDraw\BaseMesh\MeshOptions\UVTransform</Filter>
    </ClCompile>
    <ClCompile Include="Engine\Include\DirectXBase\DirectXDraw\Camera\Camera3D\Camera3D.cpp">
      <Filter>Engine\Include\DirectXBase\DirectXDraw\Camera\Camera3D</Filter>
    </ClCompile>
    <ClCompile Include="Engine\Include\DirectXBase\DirectXDraw\Camera\Camera2D\Camera2D.cpp">
      <Filter>Engine\Include\DirectXBase\DirectXDraw\Camera\Camera2D</Filter>
    </ClCompile>
    <ClCompile Include="Engine\Include\Collision\Shape\Sphere\Sphere.cpp">
      <Filter>Engine\Include\Collision\Shape\Sphere</Filter>
    </ClCompile>
    <ClCompile Include="Engine\Include\DirectXBase\DirectXDraw\ModelStore\ModelStore.cpp">
      <Filter>Engine\Include\DirectXBase\DirectXDraw\ModelStore</Filter>
    </ClCompile>
    <ClCompile Include="Engine\Include\DirectXBase\DirectXDraw\ModelStore\ModelData\ModelData.cpp">
      <Filter>Engine\Include\DirectXBase\DirectXDraw\ModelStore\ModelData</Filter>
    </ClCompile>
    <ClCompile Include="Engine\Include\Physics\AirDrag\AirDrag.cpp">
      <Filter>Engine\Include\Physics\AirDrag</Filter>
    </ClCompile>
    <ClCompile Include="Engine\Include\Physics\Friction\Friction.cpp">
      <Filter>Engine\Include\Physics\Friction</Filter>
    </ClCompile>
    <ClCompile Include="Engine\Include\DirectXBase\DirectXDraw\BaseOrganizePSO\OrganizePSOPrimitive\SinglePSOPrimitiveNormal\SinglePSOPrimitiveNormal.cpp">
      <Filter>Engine\Include\DirectXBase\DirectXDraw\BaseOrganizePSO\OrganizePSOPrimitive\SinglePSOPrimitiveNormal</Filter>
    </ClCompile>
    <ClCompile Include="Engine\Include\DirectXBase\DirectXDraw\BaseOrganizePSO\EnumBlendMode\EnumBlendMode.cpp">
      <Filter>Engine\Include\DirectXBase\DirectXDraw\BaseOrganizePSO\EnumBlendMode</Filter>
    </ClCompile>
    <ClCompile Include="Engine\Include\DirectXBase\DirectXDraw\BaseMesh\MeshUVSphere\MeshUVSphere.cpp">
      <Filter>Engine\Include\DirectXBase\DirectXDraw\BaseMesh\MeshUVSphere</Filter>
    </ClCompile>
    <ClCompile Include="Engine\Include\DirectXBase\DirectXDraw\BaseOrganizePSO\OrganizePSOPrimitive\SinglePSOPrimitiveAdd\SinglePSOPrimitiveAdd.cpp">
      <Filter>Engine\Include\DirectXBase\DirectXDraw\BaseOrganizePSO\OrganizePSOPrimitive\SinglePSOPrimitiveAdd</Filter>
    </ClCompile>
    <ClCompile Include="Engine\Include\DirectXBase\DirectXDraw\BaseOrganizePSO\OrganizePSOPrimitive\SinglePSOPrimitiveSubtract\SinglePSOPrimitiveSubtract.cpp">
      <Filter>Engine\Include\DirectXBase\DirectXDraw\BaseOrganizePSO\OrganizePSOPrimitive\SinglePSOPrimitiveSubtract</Filter>
    </ClCompile>
    <ClCompile Include="Engine\Include\DirectXBase\DirectXDraw\BaseOrganizePSO\OrganizePSOPrimitive\SinglePSOPrimitiveMultiply\SinglePSOPrimitiveMultiply.cpp">
      <Filter>Engine\Include\DirectXBase\DirectXDraw\BaseOrganizePSO\OrganizePSOPrimitive\SinglePSOPrimitiveMultiply</Filter>
    </ClCompile>
    <ClCompile Include="Engine\Include\DirectXBase\DirectXDraw\BaseOrganizePSO\OrganizePSOPrimitive\SinglePSOPrimitiveScreen\SinglePSOPrimitiveScreen.cpp">
      <Filter>Engine\Include\DirectXBase\DirectXDraw\BaseOrganizePSO\OrganizePSOPrimitive\SinglePSOPrimitiveScreen</Filter>
    </ClCompile>
    <ClCompile Include="Engine\Include\DirectXBase\DirectXDraw\BaseMesh\MeshCube\MeshCube.cpp">
      <Filter>Engine\Include\DirectXBase\DirectXDraw\BaseMesh\MeshCube</Filter>
    </ClCompile>
    <ClCompile Include="Engine\Include\DirectXBase\DirectXDraw\BaseMesh\MeshSprite\MeshSprite.cpp">
      <Filter>Engine\Include\DirectXBase\DirectXDraw\BaseMesh\MeshSprite</Filter>
    </ClCompile>
    <ClCompile Include="Engine\Include\DirectXBase\DirectXDraw\ResourcesData\PrimitiveResourcesData\PrimitiveResourcesData.cpp">
      <Filter>Engine\Include\DirectXBase\DirectXDraw\ResourcesData\PrimitiveResourcesData</Filter>
    </ClCompile>
    <ClCompile Include="Engine\Include\DirectXBase\DirectXDraw\ResourcesData\PrimitiveResourcesData\PrimitiveResourcesCube\PrimitiveResourcesCube.cpp">
      <Filter>Engine\Include\DirectXBase\DirectXDraw\ResourcesData\PrimitiveResourcesData\PrimitiveResourcesCube</Filter>
    </ClCompile>
    <ClCompile Include="Engine\Include\DirectXBase\DirectXDraw\ResourcesData\PrimitiveResourcesData\PrimitiveResourcesSprite\PrimitiveResourcesSprite.cpp">
      <Filter>Engine\Include\DirectXBase\DirectXDraw\ResourcesData\PrimitiveResourcesData\PrimitiveResourcesSprite</Filter>
    </ClCompile>
    <ClCompile Include="Engine\Include\DirectXBase\DirectXDraw\ResourcesData\PrimitiveResourcesData\PrimitiveResourcesUVSphere\PrimitiveResourcesUVSphere.cpp">
      <Filter>Engine\Include\DirectXBase\DirectXDraw\ResourcesData\PrimitiveResourcesData\PrimitiveResourcesUVSphere</Filter>
    </ClCompile>
    <ClCompile Include="Engine\Include\DirectXBase\DirectXDraw\ResourcesData\DirectionalLightResourcesData\DirectionalLightResourcesData.cpp">
      <Filter>Engine\Include\DirectXBase\DirectXDraw\ResourcesData\DirectionalLightResourcesData</Filter>
    </ClCompile>
    <ClCompile Include="Engine\Include\Func\LoadModel\LoadModel.cpp">
      <Filter>Engine\Include\Func\LoadModel</Filter>
    </ClCompile>
    <ClCompile Include="Engine\Include\DirectXBase\DirectXDraw\ResourcesData\IndexVertexResourcesData\IndexVertexResourcesData.cpp">
      <Filter>Engine\Include\DirectXBase\DirectXDraw\ResourcesData\IndexVertexResourcesData</Filter>
    </ClCompile>
    <ClCompile Include="Engine\Include\DirectXBase\DirectXDraw\BaseMesh\MeshModel\MeshModel.cpp">
      <Filter>Engine\Include\DirectXBase\DirectXDraw\BaseMesh\MeshModel</Filter>
    </ClCompile>
    <ClCompile Include="Engine\Include\DirectXBase\DirectXDraw\ResourcesData\MaterialResourcesDataCBV\MaterialResourcesDataCBV.cpp">
      <Filter>Engine\Include\DirectXBase\DirectXDraw\ResourcesData\MaterialResourcesDataCBV</Filter>
    </ClCompile>
    <ClCompile Include="Engine\Include\DirectXBase\DirectXDraw\ResourcesData\TransformationResourcesDataCBV\TransformationResourcesDataCBV.cpp">
      <Filter>Engine\Include\DirectXBase\DirectXDraw\ResourcesData\TransformationResourcesDataCBV</Filter>
    </ClCompile>
    <ClCompile Include="Engine\Include\DirectXBase\DirectXDraw\ResourcesData\MainCameraResourcesDataCBV\MainCameraResourcesDataCBV.cpp">
      <Filter>Engine\Include\DirectXBase\DirectXDraw\ResourcesData\MainCameraResourcesDataCBV</Filter>
    </ClCompile>
    <ClCompile Include="Engine\Include\DirectXBase\DirectXDraw\DataForGPU\CameraDataForGPU\CameraDataForGPU.cpp">
      <Filter>Engine\Include\DirectXBase\DirectXDraw\DataForGPU\CameraDataForGPU</Filter>
    </ClCompile>
    <ClCompile Include="Engine\Include\DirectXBase\DirectXDraw\BaseMesh\MeshOptions\Material\Material.cpp">
      <Filter>Engine\Include\DirectXBase\DirectXDraw\BaseMesh\MeshOptions\Material</Filter>
    </ClCompile>
    <ClCompile Include="Engine\Include\DirectXBase\DirectXDraw\ResourcesData\PointLightResourcesData\PointLightResourcesData.cpp">
      <Filter>Engine\Include\DirectXBase\DirectXDraw\ResourcesData\PointLightResourcesData</Filter>
    </ClCompile>
    <ClCompile Include="Engine\Include\DirectXBase\DirectXDraw\ResourcesData\SpotLightResourcesData\SpotLightResourcesData.cpp">
      <Filter>Engine\Include\DirectXBase\DirectXDraw\ResourcesData\SpotLightResourcesData</Filter>
    </ClCompile>
  </ItemGroup>
  <ItemGroup>
    <ClInclude Include="Engine\Include\MugenEngine.h">
      <Filter>Engine\Include</Filter>
    </ClInclude>
    <ClInclude Include="Engine\Include\WinApp\WinApp.h">
      <Filter>Engine\Include\WinApp</Filter>
    </ClInclude>
    <ClInclude Include="Engine\Include\Func\ConvertString\ConvertString.h">
      <Filter>Engine\Include\Func\ConvertString</Filter>
    </ClInclude>
    <ClInclude Include="Engine\Include\LogFile\LogFile.h">
      <Filter>Engine\Include\LogFile</Filter>
    </ClInclude>
    <ClInclude Include="Engine\Include\Math\Vector2\Vector2.h">
      <Filter>Engine\Include\Math\Vector2</Filter>
    </ClInclude>
    <ClInclude Include="Engine\Include\Math\Vector3\Vector3.h">
      <Filter>Engine\Include\Math\Vector3</Filter>
    </ClInclude>
    <ClInclude Include="Engine\Include\Math\Vector1\Vector1.h">
      <Filter>Engine\Include\Math\Vector1</Filter>
    </ClInclude>
    <ClInclude Include="Engine\Include\Math\Vector4\Vector4.h">
      <Filter>Engine\Include\Math\Vector4</Filter>
    </ClInclude>
    <ClInclude Include="Engine\Include\DirectXBase\DirectXBase.h">
      <Filter>Engine\Include\DirectXBase</Filter>
    </ClInclude>
    <ClInclude Include="Engine\Include\DirectXBase\DirectXDevice\DirectXDevice.h">
      <Filter>Engine\Include\DirectXBase\DirectXDevice</Filter>
    </ClInclude>
    <ClInclude Include="Engine\Include\Func\CrushHandler\CrushHandler.h">
      <Filter>Engine\Include\Func\CrushHandler</Filter>
    </ClInclude>
    <ClInclude Include="Engine\Include\DirectXBase\DirectXCommand\DirectXCommand.h">
      <Filter>Engine\Include\DirectXBase\DirectXCommand</Filter>
    </ClInclude>
    <ClInclude Include="Engine\Include\DirectXBase\DirectXHeap\DirectXHeap.h">
      <Filter>Engine\Include\DirectXBase\DirectXHeap</Filter>
    </ClInclude>
    <ClInclude Include="Engine\Include\DirectXBase\DirectXBuffering\DirectXBuffering.h">
      <Filter>Engine\Include\DirectXBase\DirectXBuffering</Filter>
    </ClInclude>
    <ClInclude Include="Engine\Include\DirectXBase\DirectXDebug\DirectXDebug.h">
      <Filter>Engine\Include\DirectXBase\DirectXDebug</Filter>
    </ClInclude>
    <ClInclude Include="Engine\Include\Func\DirectXTransitionBarrier\DirectXTransitionBarrier.h">
      <Filter>Engine\Include\Func\DirectXTransitionBarrier</Filter>
    </ClInclude>
    <ClInclude Include="Engine\Include\DirectXBase\DirectXFence\DirectXFence.h">
      <Filter>Engine\Include\DirectXBase\DirectXFence</Filter>
    </ClInclude>
    <ClInclude Include="Engine\Include\DirectXBase\DirectXDraw\DirectXShaderCompile\DirectXShaderCompile.h">
      <Filter>Engine\Include\DirectXBase\DirectXDraw\DirectXShaderCompile</Filter>
    </ClInclude>
    <ClInclude Include="Engine\Include\DirectXBase\DirectXDraw\DirectXDraw.h">
      <Filter>Engine\Include\DirectXBase\DirectXDraw</Filter>
    </ClInclude>
    <ClInclude Include="Engine\Include\DirectXBase\DirectXDraw\BaseOrganizePSO\OrganizePSOPrimitive\OrganizePSOPrimitive.h">
      <Filter>Engine\Include\DirectXBase\DirectXDraw\BaseOrganizePSO\OrganizePSOPrimitive</Filter>
    </ClInclude>
    <ClInclude Include="Engine\Include\DirectXBase\DirectXDraw\BaseOrganizePSO\BaseSinglePSO\BaseSinglePSO.h">
      <Filter>Engine\Include\DirectXBase\DirectXDraw\BaseOrganizePSO\BaseSinglePSO</Filter>
    </ClInclude>
    <ClInclude Include="Engine\Include\DirectXBase\DirectXDraw\BaseOrganizePSO\OrganizePSOPrimitive\SinglePSOPrimitiveNone\SinglePSOPrimitiveNone.h">
      <Filter>Engine\Include\DirectXBase\DirectXDraw\BaseOrganizePSO\OrganizePSOPrimitive\SinglePSOPrimitiveNone</Filter>
    </ClInclude>
    <ClInclude Include="Engine\Include\Func\CreateBufferResource\CreateBufferResource.h">
      <Filter>Engine\Include\Func\CreateBufferResource</Filter>
    </ClInclude>
    <ClInclude Include="Engine\Include\Math\Matrix4x4\Matrix4x4.h">
      <Filter>Engine\Include\Math\Matrix4x4</Filter>
    </ClInclude>
    <ClInclude Include="Engine\Include\DirectXBase\DirectXDraw\BaseMesh\MeshOptions\Transform\Transform.h">
      <Filter>Engine\Include\DirectXBase\DirectXDraw\BaseMesh\MeshOptions\Transform</Filter>
    </ClInclude>
    <ClInclude Include="Externals\ImGui\imconfig.h">
      <Filter>Externals\ImGui</Filter>
    </ClInclude>
    <ClInclude Include="Externals\ImGui\imgui.h">
      <Filter>Externals\ImGui</Filter>
    </ClInclude>
    <ClInclude Include="Externals\ImGui\imgui_impl_dx12.h">
      <Filter>Externals\ImGui</Filter>
    </ClInclude>
    <ClInclude Include="Externals\ImGui\imgui_impl_win32.h">
      <Filter>Externals\ImGui</Filter>
    </ClInclude>
    <ClInclude Include="Externals\ImGui\imgui_internal.h">
      <Filter>Externals\ImGui</Filter>
    </ClInclude>
    <ClInclude Include="Externals\ImGui\imstb_rectpack.h">
      <Filter>Externals\ImGui</Filter>
    </ClInclude>
    <ClInclude Include="Externals\ImGui\imstb_textedit.h">
      <Filter>Externals\ImGui</Filter>
    </ClInclude>
    <ClInclude Include="Externals\ImGui\imstb_truetype.h">
      <Filter>Externals\ImGui</Filter>
    </ClInclude>
    <ClInclude Include="Engine\Include\Func\LoadTexture\LoadTexture.h">
      <Filter>Engine\Include\Func\LoadTexture</Filter>
    </ClInclude>
    <ClInclude Include="Engine\Include\DirectXBase\DirectXDraw\DataForGPU\VertexData\VertexData.h">
      <Filter>Engine\Include\DirectXBase\DirectXDraw\DataForGPU\VertexData</Filter>
    </ClInclude>
    <ClInclude Include="Engine\Include\DirectXBase\DirectXDraw\TextureStore\TextureStore.h">
      <Filter>Engine\Include\DirectXBase\DirectXDraw\TextureStore</Filter>
    </ClInclude>
    <ClInclude Include="Engine\Include\DirectXBase\ResourcesDepthStencil\ResourcesDepthStencil.h">
      <Filter>Engine\Include\DirectXBase\ResourcesDepthStencil</Filter>
    </ClInclude>
    <ClInclude Include="Engine\Include\DirectXBase\DirectXDraw\BaseOrganizePSO\BaseOrganizePSO.h">
      <Filter>Engine\Include\DirectXBase\DirectXDraw\BaseOrganizePSO</Filter>
    </ClInclude>
    <ClInclude Include="Engine\Include\DirectXBase\DirectXDraw\BaseMesh\MeshOptions\WorldTransform3D\WorldTransform3D.h">
      <Filter>Engine\Include\DirectXBase\DirectXDraw\BaseMesh\MeshOptions\WorldTransform3D</Filter>
    </ClInclude>
    <ClInclude Include="Engine\Include\DirectXBase\DirectXDraw\DataForGPU\MaterialData\MaterialData.h">
      <Filter>Engine\Include\DirectXBase\DirectXDraw\DataForGPU\MaterialData</Filter>
    </ClInclude>
    <ClInclude Include="Engine\Include\DirectXBase\DirectXDraw\DataForGPU\TransformationData\TransformationData.h">
      <Filter>Engine\Include\DirectXBase\DirectXDraw\DataForGPU\TransformationData</Filter>
    </ClInclude>
    <ClInclude Include="Engine\Include\DirectXBase\DirectXDraw\DataForGPU\LightData\LightData.h">
      <Filter>Engine\Include\DirectXBase\DirectXDraw\DataForGPU\LightData</Filter>
    </ClInclude>
    <ClInclude Include="Game\Game.h">
      <Filter>Game</Filter>
    </ClInclude>
    <ClInclude Include="Engine\Include\Input\Input.h">
      <Filter>Engine\Include\Input</Filter>
    </ClInclude>
    <ClInclude Include="Engine\Include\AudioStore\AudioStore.h">
      <Filter>Engine\Include\AudioStore</Filter>
    </ClInclude>
    <ClInclude Include="Engine\Include\DirectXBase\DirectXDraw\BaseMesh\BaseMesh.h">
      <Filter>Engine\Include\DirectXBase\DirectXDraw\BaseMesh</Filter>
    </ClInclude>
    <ClInclude Include="Engine\Include\Collision\Collision.h">
      <Filter>Engine\Include\Collision</Filter>
    </ClInclude>
    <ClInclude Include="Engine\Include\Collision\Shape\AABB\AABB.h">
      <Filter>Engine\Include\Collision\Shape\AABB</Filter>
    </ClInclude>
    <ClInclude Include="Engine\Include\Collision\Shape\Line\Line.h">
      <Filter>Engine\Include\Collision\Shape\Line</Filter>
    </ClInclude>
    <ClInclude Include="Engine\Include\Collision\Shape\Triangle\Triangle.h">
      <Filter>Engine\Include\Collision\Shape\Triangle</Filter>
    </ClInclude>
    <ClInclude Include="Engine\Include\Collision\Shape\Ray\Ray.h">
      <Filter>Engine\Include\Collision\Shape\Ray</Filter>
    </ClInclude>
    <ClInclude Include="Engine\Include\Collision\Shape\Segment\Segment.h">
      <Filter>Engine\Include\Collision\Shape\Segment</Filter>
    </ClInclude>
    <ClInclude Include="Engine\Include\Collision\Shape\Plane\Plane.h">
      <Filter>Engine\Include\Collision\Shape\Plane</Filter>
    </ClInclude>
    <ClInclude Include="Engine\Include\Collision\Shape\OBB\OBB.h">
      <Filter>Engine\Include\Collision\Shape\OBB</Filter>
    </ClInclude>
    <ClInclude Include="Engine\Include\Math\Matrix3x3\Matrix3x3.h">
      <Filter>Engine\Include\Math\Matrix3x3</Filter>
    </ClInclude>
    <ClInclude Include="Engine\Include\DirectXBase\DirectXDraw\BaseMesh\MeshOptions\WorldTransform2D\WorldTransform2D.h">
      <Filter>Engine\Include\DirectXBase\DirectXDraw\BaseMesh\MeshOptions\WorldTransform2D</Filter>
    </ClInclude>
    <ClInclude Include="Engine\Include\DirectXBase\DirectXDraw\BaseMesh\MeshOptions\UVTransform\UVTransform.h">
      <Filter>Engine\Include\DirectXBase\DirectXDraw\BaseMesh\MeshOptions\UVTransform</Filter>
    </ClInclude>
    <ClInclude Include="Engine\Include\DirectXBase\DirectXDraw\Camera\Camera3D\Camera3D.h">
      <Filter>Engine\Include\DirectXBase\DirectXDraw\Camera\Camera3D</Filter>
    </ClInclude>
    <ClInclude Include="Engine\Include\DirectXBase\DirectXDraw\Camera\Camera2D\Camera2D.h">
      <Filter>Engine\Include\DirectXBase\DirectXDraw\Camera\Camera2D</Filter>
    </ClInclude>
    <ClInclude Include="Engine\Include\Collision\Shape\Sphere\Sphere.h">
      <Filter>Engine\Include\Collision\Shape\Sphere</Filter>
    </ClInclude>
    <ClInclude Include="Engine\Include\DirectXBase\DirectXDraw\ModelStore\ModelStore.h">
      <Filter>Engine\Include\DirectXBase\DirectXDraw\ModelStore</Filter>
    </ClInclude>
    <ClInclude Include="Engine\Include\DirectXBase\DirectXDraw\ModelStore\ModelData\ModelData.h">
      <Filter>Engine\Include\DirectXBase\DirectXDraw\ModelStore\ModelData</Filter>
    </ClInclude>
    <ClInclude Include="Engine\Include\Physics\AirDrag\AirDrag.h">
      <Filter>Engine\Include\Physics\AirDrag</Filter>
    </ClInclude>
    <ClInclude Include="Engine\Include\Physics\Friction\Friction.h">
      <Filter>Engine\Include\Physics\Friction</Filter>
    </ClInclude>
    <ClInclude Include="Engine\Include\DirectXBase\DirectXDraw\BaseOrganizePSO\OrganizePSOPrimitive\SinglePSOPrimitiveNormal\SinglePSOPrimitiveNormal.h">
      <Filter>Engine\Include\DirectXBase\DirectXDraw\BaseOrganizePSO\OrganizePSOPrimitive\SinglePSOPrimitiveNormal</Filter>
    </ClInclude>
    <ClInclude Include="Engine\Include\DirectXBase\DirectXDraw\BaseOrganizePSO\EnumBlendMode\EnumBlendMode.h">
      <Filter>Engine\Include\DirectXBase\DirectXDraw\BaseOrganizePSO\EnumBlendMode</Filter>
    </ClInclude>
    <ClInclude Include="Engine\Include\DirectXBase\DirectXDraw\BaseMesh\MeshUVSphere\MeshUVSphere.h">
      <Filter>Engine\Include\DirectXBase\DirectXDraw\BaseMesh\MeshUVSphere</Filter>
    </ClInclude>
    <ClInclude Include="Engine\Include\DirectXBase\DirectXDraw\BaseOrganizePSO\OrganizePSOPrimitive\SinglePSOPrimitiveAdd\SinglePSOPrimitiveAdd.h">
      <Filter>Engine\Include\DirectXBase\DirectXDraw\BaseOrganizePSO\OrganizePSOPrimitive\SinglePSOPrimitiveAdd</Filter>
    </ClInclude>
    <ClInclude Include="Engine\Include\DirectXBase\DirectXDraw\BaseOrganizePSO\OrganizePSOPrimitive\SinglePSOPrimitiveSubtract\SinglePSOPrimitiveSubtract.h">
      <Filter>Engine\Include\DirectXBase\DirectXDraw\BaseOrganizePSO\OrganizePSOPrimitive\SinglePSOPrimitiveSubtract</Filter>
    </ClInclude>
    <ClInclude Include="Engine\Include\DirectXBase\DirectXDraw\BaseOrganizePSO\OrganizePSOPrimitive\SinglePSOPrimitiveMultiply\SinglePSOPrimitiveMultiply.h">
      <Filter>Engine\Include\DirectXBase\DirectXDraw\BaseOrganizePSO\OrganizePSOPrimitive\SinglePSOPrimitiveMultiply</Filter>
    </ClInclude>
    <ClInclude Include="Engine\Include\DirectXBase\DirectXDraw\BaseOrganizePSO\OrganizePSOPrimitive\SinglePSOPrimitiveScreen\SinglePSOPrimitiveScreen.h">
      <Filter>Engine\Include\DirectXBase\DirectXDraw\BaseOrganizePSO\OrganizePSOPrimitive\SinglePSOPrimitiveScreen</Filter>
    </ClInclude>
    <ClInclude Include="Engine\Include\DirectXBase\DirectXDraw\BaseMesh\MeshCube\MeshCube.h">
      <Filter>Engine\Include\DirectXBase\DirectXDraw\BaseMesh\MeshCube</Filter>
    </ClInclude>
    <ClInclude Include="Engine\Include\DirectXBase\DirectXDraw\BaseMesh\MeshSprite\MeshSprite.h">
      <Filter>Engine\Include\DirectXBase\DirectXDraw\BaseMesh\MeshSprite</Filter>
    </ClInclude>
    <ClInclude Include="Engine\Include\DirectXBase\DirectXDraw\ResourcesData\PrimitiveResourcesData\PrimitiveResourcesData.h">
      <Filter>Engine\Include\DirectXBase\DirectXDraw\ResourcesData\PrimitiveResourcesData</Filter>
    </ClInclude>
    <ClInclude Include="Engine\Include\DirectXBase\DirectXDraw\ResourcesData\PrimitiveResourcesData\PrimitiveResourcesCube\PrimitiveResourcesCube.h">
      <Filter>Engine\Include\DirectXBase\DirectXDraw\ResourcesData\PrimitiveResourcesData\PrimitiveResourcesCube</Filter>
    </ClInclude>
    <ClInclude Include="Engine\Include\DirectXBase\DirectXDraw\ResourcesData\PrimitiveResourcesData\PrimitiveResourcesSprite\PrimitiveResourcesSprite.h">
      <Filter>Engine\Include\DirectXBase\DirectXDraw\ResourcesData\PrimitiveResourcesData\PrimitiveResourcesSprite</Filter>
    </ClInclude>
    <ClInclude Include="Engine\Include\DirectXBase\DirectXDraw\ResourcesData\PrimitiveResourcesData\PrimitiveResourcesUVSphere\PrimitiveResourcesUVSphere.h">
      <Filter>Engine\Include\DirectXBase\DirectXDraw\ResourcesData\PrimitiveResourcesData\PrimitiveResourcesUVSphere</Filter>
    </ClInclude>
    <ClInclude Include="Engine\Include\DirectXBase\DirectXDraw\ResourcesData\DirectionalLightResourcesData\DirectionalLightResourcesData.h">
      <Filter>Engine\Include\DirectXBase\DirectXDraw\ResourcesData\DirectionalLightResourcesData</Filter>
    </ClInclude>
    <ClInclude Include="Engine\Include\Func\LoadModel\LoadModel.h">
      <Filter>Engine\Include\Func\LoadModel</Filter>
    </ClInclude>
    <ClInclude Include="Engine\Include\DirectXBase\DirectXDraw\ResourcesData\IndexVertexResourcesData\IndexVertexResourcesData.h">
      <Filter>Engine\Include\DirectXBase\DirectXDraw\ResourcesData\IndexVertexResourcesData</Filter>
    </ClInclude>
    <ClInclude Include="Engine\Include\DirectXBase\DirectXDraw\BaseMesh\MeshModel\MeshModel.h">
      <Filter>Engine\Include\DirectXBase\DirectXDraw\BaseMesh\MeshModel</Filter>
    </ClInclude>
    <ClInclude Include="Engine\Include\DirectXBase\DirectXDraw\ResourcesData\MaterialResourcesDataCBV\MaterialResourcesDataCBV.h">
      <Filter>Engine\Include\DirectXBase\DirectXDraw\ResourcesData\MaterialResourcesDataCBV</Filter>
    </ClInclude>
    <ClInclude Include="Engine\Include\DirectXBase\DirectXDraw\ResourcesData\TransformationResourcesDataCBV\TransformationResourcesDataCBV.h">
      <Filter>Engine\Include\DirectXBase\DirectXDraw\ResourcesData\TransformationResourcesDataCBV</Filter>
    </ClInclude>
    <ClInclude Include="Engine\Include\DirectXBase\DirectXDraw\ResourcesData\MainCameraResourcesDataCBV\MainCameraResourcesDataCBV.h">
      <Filter>Engine\Include\DirectXBase\DirectXDraw\ResourcesData\MainCameraResourcesDataCBV</Filter>
    </ClInclude>
    <ClInclude Include="Engine\Include\DirectXBase\DirectXDraw\DataForGPU\CameraDataForGPU\CameraDataForGPU.h">
      <Filter>Engine\Include\DirectXBase\DirectXDraw\DataForGPU\CameraDataForGPU</Filter>
    </ClInclude>
    <ClInclude Include="Engine\Include\DirectXBase\DirectXDraw\BaseMesh\MeshOptions\Material\Material.h">
      <Filter>Engine\Include\DirectXBase\DirectXDraw\BaseMesh\MeshOptions\Material</Filter>
    </ClInclude>
    <ClInclude Include="Engine\Include\DirectXBase\DirectXDraw\ResourcesData\PointLightResourcesData\PointLightResourcesData.h">
      <Filter>Engine\Include\DirectXBase\DirectXDraw\ResourcesData\PointLightResourcesData</Filter>
    </ClInclude>
    <ClInclude Include="Engine\Include\DirectXBase\DirectXDraw\ResourcesData\SpotLightResourcesData\SpotLightResourcesData.h">
      <Filter>Engine\Include\DirectXBase\DirectXDraw\ResourcesData\SpotLightResourcesData</Filter>
    </ClInclude>
  </ItemGroup>
  <ItemGroup>
    <FxCompile Include="Engine\Shader\Primitive\Primitive.VS.hlsl">
      <Filter>Engine\Shader\Primitive</Filter>
    </FxCompile>
    <FxCompile Include="Engine\Shader\Primitive\Primitive.PS.hlsl">
      <Filter>Engine\Shader\Primitive</Filter>
    </FxCompile>
  </ItemGroup>
  <ItemGroup>
    <None Include="Engine\Shader\Primitive\Primitive.hlsli">
      <Filter>Engine\Shader\Primitive</Filter>
    </None>
  </ItemGroup>
  <ItemGroup>
    <Text Include="Externals\ImGui\LICENSE.txt">
      <Filter>Externals\ImGui</Filter>
    </Text>
  </ItemGroup>
</Project>