<?xml version="1.0" encoding="utf-8"?>
<Project ToolsVersion="4.0" xmlns="http://schemas.microsoft.com/developer/msbuild/2003">
  <ItemGroup>
    <Filter Include="ソース ファイル">
      <UniqueIdentifier>{4FC737F1-C7A5-4376-A066-2A32D752A2FF}</UniqueIdentifier>
      <Extensions>cpp;c;cc;cxx;c++;cppm;ixx;def;odl;idl;hpj;bat;asm;asmx</Extensions>
    </Filter>
    <Filter Include="ヘッダー ファイル">
      <UniqueIdentifier>{93995380-89BD-4b04-88EB-625FBE52EBFB}</UniqueIdentifier>
      <Extensions>h;hh;hpp;hxx;h++;hm;inl;inc;ipp;xsd</Extensions>
    </Filter>
    <Filter Include="リソース ファイル">
      <UniqueIdentifier>{67DA6AB6-F800-4c08-8B7A-83BB121AAD01}</UniqueIdentifier>
      <Extensions>rc;ico;cur;bmp;dlg;rc2;rct;bin;rgs;gif;jpg;jpeg;jpe;resx;tiff;tif;png;wav;mfcribbon-ms</Extensions>
    </Filter>
    <Filter Include="Engine">
      <UniqueIdentifier>{475c444e-45e0-4f8b-a158-8b55ba27939a}</UniqueIdentifier>
    </Filter>
    <Filter Include="Engine\Include">
      <UniqueIdentifier>{6459b621-5613-400b-8a6a-9f8c21c0701b}</UniqueIdentifier>
    </Filter>
    <Filter Include="Engine\Include\WinApp">
      <UniqueIdentifier>{bdeb0850-bb48-4a00-a675-4a12f087b509}</UniqueIdentifier>
    </Filter>
    <Filter Include="Engine\Include\Func">
      <UniqueIdentifier>{e6d6118b-2e12-44e6-845c-6800784e700b}</UniqueIdentifier>
    </Filter>
    <Filter Include="Engine\Include\Func\ConvertString">
      <UniqueIdentifier>{aa8eef1e-8185-4c86-8f07-d46f4058c575}</UniqueIdentifier>
    </Filter>
    <Filter Include="Engine\Include\LogFile">
      <UniqueIdentifier>{717f1a3b-07be-4ec4-a841-1afe854d047a}</UniqueIdentifier>
    </Filter>
    <Filter Include="Engine\Include\Math">
      <UniqueIdentifier>{8242f031-fc5f-4c4c-96af-bd4ba73f4884}</UniqueIdentifier>
    </Filter>
    <Filter Include="Engine\Include\Math\Vector2">
      <UniqueIdentifier>{f09d6009-530c-4b8d-bca3-3fe1e0e958c1}</UniqueIdentifier>
    </Filter>
    <Filter Include="Engine\Include\Math\Vector3">
      <UniqueIdentifier>{de5c37a8-1133-41d9-8854-54ed843ca9bb}</UniqueIdentifier>
    </Filter>
    <Filter Include="Engine\Include\Math\Vector1">
      <UniqueIdentifier>{72aa6cfa-d545-4571-9b49-3d39c127045d}</UniqueIdentifier>
    </Filter>
    <Filter Include="Engine\Include\Math\Vector4">
      <UniqueIdentifier>{a6c00fd0-0b50-4f7a-8ab7-8daaf3a6f322}</UniqueIdentifier>
    </Filter>
    <Filter Include="Engine\Include\DirectXBase">
      <UniqueIdentifier>{7a619389-ce8d-4af3-9eb4-a0b900e1ee73}</UniqueIdentifier>
    </Filter>
    <Filter Include="Engine\Include\DirectXBase\DirectXDevice">
      <UniqueIdentifier>{37d0084b-0eee-4e69-99f3-55b501d557ac}</UniqueIdentifier>
    </Filter>
    <Filter Include="Engine\Include\Func\CrushHandler">
      <UniqueIdentifier>{59209c0f-9e99-4f6f-b983-aa76421bf2bb}</UniqueIdentifier>
    </Filter>
    <Filter Include="Engine\Include\DirectXBase\DirectXCommand">
      <UniqueIdentifier>{9faffcbb-153f-4c83-a953-64d22f9e8477}</UniqueIdentifier>
    </Filter>
    <Filter Include="Engine\Include\DirectXBase\DirectXHeap">
      <UniqueIdentifier>{1ef69ca3-d451-4f89-8ea2-f9c9b3be3979}</UniqueIdentifier>
    </Filter>
    <Filter Include="Engine\Include\DirectXBase\DirectXBuffering">
      <UniqueIdentifier>{ff80784e-50f6-494d-8a4b-4e184025a6e0}</UniqueIdentifier>
    </Filter>
    <Filter Include="Engine\Include\DirectXBase\DirectXDebug">
      <UniqueIdentifier>{0a1246e9-544d-4227-bd7a-5d049f906e74}</UniqueIdentifier>
    </Filter>
    <Filter Include="Engine\Include\DirectXBase\DirectXFence">
      <UniqueIdentifier>{1c375bb0-b07e-475c-89bf-f743b8adb7e1}</UniqueIdentifier>
    </Filter>
    <Filter Include="Engine\Shader">
      <UniqueIdentifier>{fecc635c-d963-4d7f-bd83-babb8fe4add7}</UniqueIdentifier>
    </Filter>
    <Filter Include="Engine\Shader\Primitive">
      <UniqueIdentifier>{9970ef29-ffdc-43f3-9fd7-fc62d7a620dd}</UniqueIdentifier>
    </Filter>
    <Filter Include="Engine\Include\DirectXBase\DirectXDraw">
      <UniqueIdentifier>{b541e424-0ca9-4771-8fe4-bef46b656422}</UniqueIdentifier>
    </Filter>
    <Filter Include="Engine\Include\DirectXBase\DirectXDraw\DirectXShaderCompile">
      <UniqueIdentifier>{743ead50-15d2-441b-8651-b18d09d9c073}</UniqueIdentifier>
    </Filter>
    <Filter Include="Engine\Include\Func\CreateBufferResource">
      <UniqueIdentifier>{6a780bdc-608b-423b-b4fd-7ee6bc501002}</UniqueIdentifier>
    </Filter>
    <Filter Include="Engine\Include\Math\Matrix4x4">
      <UniqueIdentifier>{8d346657-3693-4f5c-a955-ce67d0365658}</UniqueIdentifier>
    </Filter>
    <Filter Include="Engine\Include\Func\DirectXTransitionBarrier">
      <UniqueIdentifier>{76721cd8-d9aa-49f4-a033-67bcd75cd194}</UniqueIdentifier>
    </Filter>
    <Filter Include="Engine\Include\Func\LoadTexture">
      <UniqueIdentifier>{9d3096eb-1ba9-4c9c-8d96-7ceaf4d00191}</UniqueIdentifier>
    </Filter>
    <Filter Include="Engine\Include\DirectXBase\DirectXDraw\TextureStore">
      <UniqueIdentifier>{77f17519-3a2f-46aa-91f8-265f621846eb}</UniqueIdentifier>
    </Filter>
    <Filter Include="Engine\Include\DirectXBase\ResourcesDepthStencil">
      <UniqueIdentifier>{820a6ebe-7db8-4569-a78d-ebd623ca873e}</UniqueIdentifier>
    </Filter>
    <Filter Include="Engine\Include\DirectXBase\DirectXDraw\BaseOrganizePSO">
      <UniqueIdentifier>{b7227316-3fef-4d71-bed1-5286622f6847}</UniqueIdentifier>
    </Filter>
    <Filter Include="Engine\Include\DirectXBase\DirectXDraw\BaseOrganizePSO\OrganizePSOPrimitive">
      <UniqueIdentifier>{f76cd2d4-5835-4c57-a408-b774176981bd}</UniqueIdentifier>
    </Filter>
    <Filter Include="Engine\Include\DirectXBase\DirectXDraw\BaseOrganizePSO\BaseSinglePSO">
      <UniqueIdentifier>{be4f900c-b83d-45e9-bcee-ba858a050aca}</UniqueIdentifier>
    </Filter>
    <Filter Include="Engine\Include\DirectXBase\DirectXDraw\BaseOrganizePSO\OrganizePSOPrimitive\SinglePSOPrimitiveNone">
      <UniqueIdentifier>{d4d2cf54-b4bc-4214-b048-846f9408e0d0}</UniqueIdentifier>
    </Filter>
    <Filter Include="Engine\Include\DirectXBase\DirectXDraw\Camera">
      <UniqueIdentifier>{73cc7a30-8e06-48b1-9bff-4243a41a1482}</UniqueIdentifier>
    </Filter>
    <Filter Include="Engine\Include\DirectXBase\DirectXDraw\ResourcesData">
      <UniqueIdentifier>{30d49bd3-44fb-4192-a835-5b9539bc3af0}</UniqueIdentifier>
    </Filter>
    <Filter Include="Game">
      <UniqueIdentifier>{e4555eb9-0b5b-4d70-85f7-68cbff4eb8dc}</UniqueIdentifier>
    </Filter>
    <Filter Include="Engine\Include\Input">
      <UniqueIdentifier>{9bdbdc36-9f25-48d5-aa25-29dbc10666b7}</UniqueIdentifier>
    </Filter>
    <Filter Include="Engine\Include\AudioStore">
      <UniqueIdentifier>{9553d818-a45d-4de5-8f14-6ef028e363c9}</UniqueIdentifier>
    </Filter>
    <Filter Include="Engine\Include\DirectXBase\DirectXDraw\BaseMesh">
      <UniqueIdentifier>{59e41c99-6b00-4a72-98a7-f1d5b3568ea2}</UniqueIdentifier>
    </Filter>
    <Filter Include="Engine\Include\DirectXBase\DirectXDraw\DataForGPU">
      <UniqueIdentifier>{fed8f1fe-7418-40f8-8409-02e4dfa673fb}</UniqueIdentifier>
    </Filter>
    <Filter Include="Engine\Include\DirectXBase\DirectXDraw\DataForGPU\VertexData">
      <UniqueIdentifier>{f2010888-5f83-4575-84f8-6ac1c3ff0d88}</UniqueIdentifier>
    </Filter>
    <Filter Include="Engine\Include\DirectXBase\DirectXDraw\DataForGPU\TransformationData">
      <UniqueIdentifier>{473a4005-89b1-41f1-9e06-0af93bf2d519}</UniqueIdentifier>
    </Filter>
    <Filter Include="Engine\Include\DirectXBase\DirectXDraw\DataForGPU\LightData">
      <UniqueIdentifier>{2f3c0e5d-792d-430a-b878-fac353217578}</UniqueIdentifier>
    </Filter>
    <Filter Include="Engine\Include\DirectXBase\DirectXDraw\DataForGPU\MaterialData">
      <UniqueIdentifier>{4af457a4-93a5-42aa-af9b-786ed1fa97b4}</UniqueIdentifier>
    </Filter>
    <Filter Include="Engine\Include\Collision">
      <UniqueIdentifier>{d20bfc61-b422-425e-a95a-072c138d2bc8}</UniqueIdentifier>
    </Filter>
    <Filter Include="Engine\Include\Collision\Shape">
      <UniqueIdentifier>{12fdbde9-8f41-486d-aea7-a4de919ebe94}</UniqueIdentifier>
    </Filter>
    <Filter Include="Engine\Include\Collision\Shape\AABB">
      <UniqueIdentifier>{3f7d40bf-f8c2-4432-9af5-65df6afc6d9c}</UniqueIdentifier>
    </Filter>
    <Filter Include="Engine\Include\Collision\Shape\Line">
      <UniqueIdentifier>{46b647c7-1ce4-4902-899c-8cfd514011a0}</UniqueIdentifier>
    </Filter>
    <Filter Include="Engine\Include\Collision\Shape\Ray">
      <UniqueIdentifier>{4497b8a7-8ae1-49a6-ab56-a616b904097a}</UniqueIdentifier>
    </Filter>
    <Filter Include="Engine\Include\Collision\Shape\Segment">
      <UniqueIdentifier>{a6c47355-a1d2-416c-ac6e-c4378ab5f143}</UniqueIdentifier>
    </Filter>
    <Filter Include="Engine\Include\Collision\Shape\OBB">
      <UniqueIdentifier>{3a401c6e-9552-47b6-913e-5c8d9c63e796}</UniqueIdentifier>
    </Filter>
    <Filter Include="Engine\Include\Collision\Shape\Plane">
      <UniqueIdentifier>{84a8c17c-929a-4873-9d24-7bfd1c036b21}</UniqueIdentifier>
    </Filter>
    <Filter Include="Engine\Include\Collision\Shape\Triangle">
      <UniqueIdentifier>{5bc5a90d-eb03-43fb-8f11-28e2f81be530}</UniqueIdentifier>
    </Filter>
    <Filter Include="Engine\Include\Math\Matrix3x3">
      <UniqueIdentifier>{b3bd4a17-db25-4d59-89a8-9f0966b653ea}</UniqueIdentifier>
    </Filter>
    <Filter Include="Engine\Include\DirectXBase\DirectXDraw\Camera\Camera3D">
      <UniqueIdentifier>{928e8cb0-51f0-42b8-8b45-781d10b00abd}</UniqueIdentifier>
    </Filter>
    <Filter Include="Engine\Include\DirectXBase\DirectXDraw\Camera\Camera2D">
      <UniqueIdentifier>{360f9516-4a3f-4ad5-a43c-8826380b3acf}</UniqueIdentifier>
    </Filter>
    <Filter Include="Engine\Include\Collision\Shape\Sphere">
      <UniqueIdentifier>{bb0dfe7f-cd7f-4e1d-aead-bd49db91d363}</UniqueIdentifier>
    </Filter>
    <Filter Include="Engine\Include\DirectXBase\DirectXDraw\ModelStore">
      <UniqueIdentifier>{885f4ad6-736d-4110-86fd-229051e35c82}</UniqueIdentifier>
    </Filter>
    <Filter Include="Engine\Include\DirectXBase\DirectXDraw\ModelStore\ModelData">
      <UniqueIdentifier>{640c65b4-7de3-48a2-bde1-843b72faac69}</UniqueIdentifier>
    </Filter>
    <Filter Include="Engine\Include\Physics">
      <UniqueIdentifier>{bf3c0dc4-4f3d-4633-93b1-a23e39d824d7}</UniqueIdentifier>
    </Filter>
    <Filter Include="Engine\Include\Physics\AirDrag">
      <UniqueIdentifier>{ef9c3b5c-03c7-4b6d-8d6c-1816424e11e3}</UniqueIdentifier>
    </Filter>
    <Filter Include="Engine\Include\Physics\Friction">
      <UniqueIdentifier>{dce6610e-af40-4215-ab6d-03aabad568ec}</UniqueIdentifier>
    </Filter>
    <Filter Include="Engine\Include\DirectXBase\DirectXDraw\BaseOrganizePSO\OrganizePSOPrimitive\SinglePSOPrimitiveNormal">
      <UniqueIdentifier>{0d116557-1200-493e-aa1b-b53ce6bdd90e}</UniqueIdentifier>
    </Filter>
    <Filter Include="Engine\Include\DirectXBase\DirectXDraw\BaseOrganizePSO\EnumBlendMode">
      <UniqueIdentifier>{a0cbc922-5cb7-4e25-93a6-c0822015409d}</UniqueIdentifier>
    </Filter>
    <Filter Include="Engine\Include\DirectXBase\DirectXDraw\BaseMesh\MeshUVSphere">
      <UniqueIdentifier>{b38b14f2-9ea7-40c7-93da-da2daab009c5}</UniqueIdentifier>
    </Filter>
    <Filter Include="Engine\Include\DirectXBase\DirectXDraw\BaseOrganizePSO\OrganizePSOPrimitive\SinglePSOPrimitiveAdd">
      <UniqueIdentifier>{02e3e603-e298-4e2c-874e-6821c0eea8a2}</UniqueIdentifier>
    </Filter>
    <Filter Include="Engine\Include\DirectXBase\DirectXDraw\BaseOrganizePSO\OrganizePSOPrimitive\SinglePSOPrimitiveSubtract">
      <UniqueIdentifier>{08ac57c8-a33d-4c1f-b91f-96879d3eef54}</UniqueIdentifier>
    </Filter>
    <Filter Include="Engine\Include\DirectXBase\DirectXDraw\BaseOrganizePSO\OrganizePSOPrimitive\SinglePSOPrimitiveMultiply">
      <UniqueIdentifier>{fbb488a3-9cb1-4934-b7b6-448d834c0f6b}</UniqueIdentifier>
    </Filter>
    <Filter Include="Engine\Include\DirectXBase\DirectXDraw\BaseOrganizePSO\OrganizePSOPrimitive\SinglePSOPrimitiveScreen">
      <UniqueIdentifier>{58f78c58-ac87-465d-b677-48b95d65d621}</UniqueIdentifier>
    </Filter>
    <Filter Include="Engine\Include\DirectXBase\DirectXDraw\BaseMesh\MeshCube">
      <UniqueIdentifier>{f65186f7-7813-40b2-8a5a-19dd61900e31}</UniqueIdentifier>
    </Filter>
    <Filter Include="Engine\Include\DirectXBase\DirectXDraw\BaseMesh\MeshSprite">
      <UniqueIdentifier>{39009ab9-c8b9-4ad9-9e80-a82f53d86374}</UniqueIdentifier>
    </Filter>
    <Filter Include="Engine\Include\DirectXBase\DirectXDraw\ResourcesData\PrimitiveResourcesData">
      <UniqueIdentifier>{1dcc48f9-d56b-4177-ab20-19aafd71f92f}</UniqueIdentifier>
    </Filter>
    <Filter Include="Engine\Include\DirectXBase\DirectXDraw\ResourcesData\PrimitiveResourcesData\PrimitiveResourcesCube">
      <UniqueIdentifier>{ae757ede-0616-4a7e-8b81-0533c52274de}</UniqueIdentifier>
    </Filter>
    <Filter Include="Engine\Include\DirectXBase\DirectXDraw\ResourcesData\PrimitiveResourcesData\PrimitiveResourcesSprite">
      <UniqueIdentifier>{90781b82-c6b9-47bd-bb1e-23e31627384e}</UniqueIdentifier>
    </Filter>
    <Filter Include="Engine\Include\DirectXBase\DirectXDraw\ResourcesData\PrimitiveResourcesData\PrimitiveResourcesUVSphere">
      <UniqueIdentifier>{ed31136d-ef53-4ff5-ba6f-fa0199dd230b}</UniqueIdentifier>
    </Filter>
    <Filter Include="Engine\Include\DirectXBase\DirectXDraw\ResourcesData\DirectionalLightResourcesData">
      <UniqueIdentifier>{a26a2470-ca39-425c-8c79-684a6fbe7330}</UniqueIdentifier>
    </Filter>
    <Filter Include="Engine\Include\Func\LoadModel">
      <UniqueIdentifier>{59681325-f505-4564-8832-1de225bc2ee5}</UniqueIdentifier>
    </Filter>
    <Filter Include="Engine\Include\DirectXBase\DirectXDraw\BaseMesh\MeshModel">
      <UniqueIdentifier>{17fcaea7-f009-46b5-ac48-03041b69fa6c}</UniqueIdentifier>
    </Filter>
    <Filter Include="Engine\Include\DirectXBase\DirectXDraw\ResourcesData\MaterialResourcesDataCBV">
      <UniqueIdentifier>{8884de02-bb17-4e15-8d21-597d0845bdea}</UniqueIdentifier>
    </Filter>
    <Filter Include="Engine\Include\DirectXBase\DirectXDraw\ResourcesData\TransformationResourcesDataCBV">
      <UniqueIdentifier>{e9c15c28-5eee-4405-af81-9378787b7faf}</UniqueIdentifier>
    </Filter>
    <Filter Include="Engine\Include\DirectXBase\DirectXDraw\ResourcesData\MainCameraResourcesDataCBV">
      <UniqueIdentifier>{c8918cb2-0e0d-4db3-8a82-b7c584bdef42}</UniqueIdentifier>
    </Filter>
    <Filter Include="Engine\Include\DirectXBase\DirectXDraw\DataForGPU\CameraDataForGPU">
      <UniqueIdentifier>{d9cfbcdc-174b-46f6-b132-33798544d0ca}</UniqueIdentifier>
    </Filter>
    <Filter Include="Engine\Include\DirectXBase\DirectXDraw\BaseMesh\MeshOptions">
      <UniqueIdentifier>{6ffb319e-0ad7-4fab-9c6f-949c474097f1}</UniqueIdentifier>
    </Filter>
    <Filter Include="Engine\Include\DirectXBase\DirectXDraw\BaseMesh\MeshOptions\Material">
      <UniqueIdentifier>{61d8dba2-13cd-4f3e-9197-8cc539eb3af2}</UniqueIdentifier>
    </Filter>
    <Filter Include="Engine\Include\DirectXBase\DirectXDraw\BaseMesh\MeshOptions\WorldTransform3D">
      <UniqueIdentifier>{79e47c0b-77f7-4144-b048-64cb4037419e}</UniqueIdentifier>
    </Filter>
    <Filter Include="Engine\Include\DirectXBase\DirectXDraw\BaseMesh\MeshOptions\WorldTransform2D">
      <UniqueIdentifier>{7a7ab8d3-3960-430c-8ec8-75ac19ef2954}</UniqueIdentifier>
    </Filter>
    <Filter Include="Engine\Include\DirectXBase\DirectXDraw\BaseMesh\MeshOptions\UVTransform">
      <UniqueIdentifier>{12780518-5433-46dc-83e6-69c6150fcff4}</UniqueIdentifier>
    </Filter>
    <Filter Include="Engine\Include\DirectXBase\DirectXDraw\BaseMesh\MeshOptions\Transform">
      <UniqueIdentifier>{0bebbc86-7cfc-4d47-8ba8-d0ad641818ed}</UniqueIdentifier>
    </Filter>
    <Filter Include="Engine\Include\DirectXBase\DirectXDraw\ResourcesData\PointLightResourcesData">
      <UniqueIdentifier>{85d04012-b5f4-4343-85cb-c1b5cb5046f1}</UniqueIdentifier>
    </Filter>
    <Filter Include="Engine\Include\DirectXBase\DirectXDraw\ResourcesData\SpotLightResourcesData">
      <UniqueIdentifier>{fa2a88e9-96af-4113-b8d4-395b2a8a7e3f}</UniqueIdentifier>
    </Filter>
    <Filter Include="Engine\Include\GameCamera">
      <UniqueIdentifier>{47ea0057-3e8f-491f-856c-a6dd0a98e60e}</UniqueIdentifier>
    </Filter>
    <Filter Include="Engine\Include\GameCamera\DebugCamera">
      <UniqueIdentifier>{d299e00d-393a-4f8a-ada2-90d2ca325913}</UniqueIdentifier>
    </Filter>
    <Filter Include="Engine\Include\GameCamera\MainCamera">
      <UniqueIdentifier>{507e4eb9-42cf-4326-a0a4-c57e1c3263be}</UniqueIdentifier>
    </Filter>
    <Filter Include="Engine\Include\Scene">
      <UniqueIdentifier>{49bde8c0-aa9d-409e-90b0-dd058c08ee93}</UniqueIdentifier>
    </Filter>
    <Filter Include="Engine\Include\Math\Probability">
      <UniqueIdentifier>{acef7c9a-0e24-4e95-b188-ce6cde94469f}</UniqueIdentifier>
    </Filter>
    <Filter Include="Engine\Include\Math\Quaternion">
      <UniqueIdentifier>{eaa7d3db-9bb0-49fc-8e7c-697aed4c44d2}</UniqueIdentifier>
    </Filter>
    <Filter Include="Engine\Include\Math\Easing">
      <UniqueIdentifier>{1d868a8c-dc3c-44f1-8a94-4838912f9aab}</UniqueIdentifier>
    </Filter>
    <Filter Include="Engine\Include\DirectXBase\DirectXDraw\BaseOrganizePSO\OrgnaizePSOSprite">
      <UniqueIdentifier>{63842fed-9077-48f0-b340-465f290d37bb}</UniqueIdentifier>
    </Filter>
    <Filter Include="Engine\Include\DirectXBase\DirectXDraw\BaseOrganizePSO\OrgnaizePSOSprite\SinglePSOSpriteAdd">
      <UniqueIdentifier>{d91d1659-6008-4664-9d18-8a168687357b}</UniqueIdentifier>
    </Filter>
    <Filter Include="Engine\Include\DirectXBase\DirectXDraw\BaseOrganizePSO\OrgnaizePSOSprite\SinglePSOSpriteMultiply">
      <UniqueIdentifier>{53122930-3ab4-48d6-87a3-a6056f9a0065}</UniqueIdentifier>
    </Filter>
    <Filter Include="Engine\Include\DirectXBase\DirectXDraw\BaseOrganizePSO\OrgnaizePSOSprite\SinglePSOSpriteNone">
      <UniqueIdentifier>{9a0606a9-651d-4371-b71f-1df4242a6c68}</UniqueIdentifier>
    </Filter>
    <Filter Include="Engine\Include\DirectXBase\DirectXDraw\BaseOrganizePSO\OrgnaizePSOSprite\SinglePSOSpriteNormal">
      <UniqueIdentifier>{5145c6f1-5ad2-4876-b0f9-e8f9b6fe5ff2}</UniqueIdentifier>
    </Filter>
    <Filter Include="Engine\Include\DirectXBase\DirectXDraw\BaseOrganizePSO\OrgnaizePSOSprite\SinglePSOSpriteSubtract">
      <UniqueIdentifier>{a3e5f605-4670-484f-a42e-76e3a89119d7}</UniqueIdentifier>
    </Filter>
    <Filter Include="Engine\Include\DirectXBase\DirectXDraw\BaseOrganizePSO\OrgnaizePSOSprite\SinglePSOSpriteScreen">
      <UniqueIdentifier>{71f48e07-98aa-48cc-a544-705c3d1f20ec}</UniqueIdentifier>
    </Filter>
    <Filter Include="Engine\Include\DirectXBase\DirectXDraw\ResourcesData\RenderTargetResources">
      <UniqueIdentifier>{e66031f8-1601-4a20-80d0-c473cc304d87}</UniqueIdentifier>
    </Filter>
    <Filter Include="Engine\Shader\PostEffect">
      <UniqueIdentifier>{62d4bbe4-e713-425e-af08-d35148455a96}</UniqueIdentifier>
    </Filter>
    <Filter Include="Engine\Shader\PostEffect\CopyImage">
      <UniqueIdentifier>{485d939b-0a7c-4d76-8e23-e74af9d4abc5}</UniqueIdentifier>
    </Filter>
    <Filter Include="Engine\Include\DirectXBase\DirectXDraw\OffscreenDraw">
      <UniqueIdentifier>{96b363a8-9442-44d3-b8bd-39a6b66ee7d5}</UniqueIdentifier>
    </Filter>
    <Filter Include="Engine\Include\DirectXBase\DirectXDraw\OffscreenDraw\BasePSOPostEffect">
      <UniqueIdentifier>{4c2774a7-7166-4759-970e-eaf98efb1e66}</UniqueIdentifier>
    </Filter>
    <Filter Include="Engine\Include\DirectXBase\DirectXDraw\OffscreenDraw\BasePSOPostEffect\PSOCopyImage">
      <UniqueIdentifier>{885803fb-2f39-4a9d-94d3-740134671e43}</UniqueIdentifier>
    </Filter>
    <Filter Include="Engine\Include\DirectXBase\DirectXDraw\ModelStore\BaseModelResources">
      <UniqueIdentifier>{f62dfac1-cb77-4a9f-938e-3caecced66a0}</UniqueIdentifier>
    </Filter>
    <Filter Include="Engine\Include\DirectXBase\DirectXDraw\ModelStore\BaseModelResources\ObjModelResources">
      <UniqueIdentifier>{2bb26951-0779-48dd-9f54-f9466b99c062}</UniqueIdentifier>
    </Filter>
    <Filter Include="Engine\Include\DirectXBase\DirectXDraw\ModelStore\BaseModelResources\GltfModelResources">
      <UniqueIdentifier>{5c1176bf-c0d1-40cd-ab54-45ed435ad42f}</UniqueIdentifier>
    </Filter>
    <Filter Include="Engine\Include\DirectXBase\DirectXDraw\ModelStore\ModelData\Node">
      <UniqueIdentifier>{dabe4922-bb3a-4ffa-bcef-15f172740842}</UniqueIdentifier>
    </Filter>
    <Filter Include="Engine\Include\DirectXBase\DirectXDraw\ModelStore\ModelData\AnimationData">
      <UniqueIdentifier>{57acf184-fe02-434b-be87-045e938a64a5}</UniqueIdentifier>
    </Filter>
    <Filter Include="Engine\Include\DirectXBase\DirectXDraw\ModelStore\ModelData\SkeletonData">
      <UniqueIdentifier>{e9b2f8a2-6266-4566-9905-ae82ae3c9687}</UniqueIdentifier>
    </Filter>
    <Filter Include="Engine\Include\DirectXBase\DirectXDraw\ModelStore\ModelData\WeightData">
      <UniqueIdentifier>{b658a93c-c415-4268-a4cd-faae9ab7bb17}</UniqueIdentifier>
    </Filter>
    <Filter Include="Engine\Include\DirectXBase\DirectXDraw\ModelStore\ModelData\Influence">
      <UniqueIdentifier>{0f8e7c39-21bc-4786-b001-bd8062e33cb9}</UniqueIdentifier>
    </Filter>
    <Filter Include="Engine\Include\DirectXBase\DirectXDraw\ModelStore\ModelData\SkinCluster">
      <UniqueIdentifier>{439245fc-2254-47ce-bc45-f44b7e5bf76a}</UniqueIdentifier>
    </Filter>
    <Filter Include="Engine\Shader\SkinningModel">
      <UniqueIdentifier>{7cb8cd93-bfb1-415d-b746-dd445dfaf80b}</UniqueIdentifier>
    </Filter>
    <Filter Include="Engine\Include\DirectXBase\DirectXDraw\BaseOrganizePSO\OrganizePSOSkinningModel">
      <UniqueIdentifier>{ab5d1c07-a856-4b3a-b173-cf4e4e9bacfe}</UniqueIdentifier>
    </Filter>
    <Filter Include="Engine\Include\DirectXBase\DirectXDraw\BaseOrganizePSO\OrganizePSOSkinningModel\SinglePSOSkinningModelAdd">
      <UniqueIdentifier>{6bb8221c-ff1d-4678-b2ad-c24f4eba15d3}</UniqueIdentifier>
    </Filter>
    <Filter Include="Engine\Include\DirectXBase\DirectXDraw\BaseOrganizePSO\OrganizePSOSkinningModel\SinglePSOSkinningModelNone">
      <UniqueIdentifier>{88228083-3bf8-48d6-b843-2836eb81b66f}</UniqueIdentifier>
    </Filter>
    <Filter Include="Engine\Include\DirectXBase\DirectXDraw\BaseOrganizePSO\OrganizePSOSkinningModel\SinglePSOSkinningModelNormal">
      <UniqueIdentifier>{c873e391-b38e-4494-a9ba-e5b4c806fbf6}</UniqueIdentifier>
    </Filter>
    <Filter Include="Engine\Include\DirectXBase\DirectXDraw\BaseOrganizePSO\OrganizePSOSkinningModel\SinglePSOSkinningModelSubtract">
      <UniqueIdentifier>{02dac4b2-aceb-4f09-bbb0-46c4de266cf1}</UniqueIdentifier>
    </Filter>
    <Filter Include="Engine\Include\DirectXBase\DirectXDraw\BaseOrganizePSO\OrganizePSOSkinningModel\SinglePSOSkinningModelMultiply">
      <UniqueIdentifier>{9210f734-2517-4bca-afa5-7d2bc819a036}</UniqueIdentifier>
    </Filter>
    <Filter Include="Engine\Include\DirectXBase\DirectXDraw\BaseOrganizePSO\OrganizePSOSkinningModel\SinglePSOSkinningModelScreen">
      <UniqueIdentifier>{cf09232b-7179-42f9-9eb9-8a48cb165dc4}</UniqueIdentifier>
    </Filter>
    <Filter Include="Engine\Include\DirectXBase\DirectXDraw\ResourcesData\PrimitiveResourcesData\PrimitiveResourcesPlane">
      <UniqueIdentifier>{3dc1a697-506c-446b-8077-cedf6c45d0a3}</UniqueIdentifier>
    </Filter>
    <Filter Include="Engine\Include\DirectXBase\DirectXDraw\BaseMesh\MeshPlane">
      <UniqueIdentifier>{fc5764a0-2452-4062-a97e-169df50c8d17}</UniqueIdentifier>
    </Filter>
    <Filter Include="Engine\Include\RecordSetting">
      <UniqueIdentifier>{fb65df49-c47e-4b18-808a-b63c518ab01d}</UniqueIdentifier>
    </Filter>
    <Filter Include="Engine\Include\DirectXBase\ImGuiRender">
      <UniqueIdentifier>{0b7b6025-cea9-44f7-bd9c-40acb6328e76}</UniqueIdentifier>
    </Filter>
    <Filter Include="Engine\Include\Func\Random">
      <UniqueIdentifier>{0f618e85-ec2e-42d3-8559-622c09bb025f}</UniqueIdentifier>
    </Filter>
    <Filter Include="Engine\Include\DirectXBase\DirectXDraw\ParticleStore">
      <UniqueIdentifier>{58394896-3da2-4be8-b428-3c1e3efa4822}</UniqueIdentifier>
    </Filter>
    <Filter Include="Engine\Include\DirectXBase\DirectXDraw\ResourcesData\TransformationResourceDataInstancing">
      <UniqueIdentifier>{e11485f6-2a7b-4452-b553-2a8ae24c02a1}</UniqueIdentifier>
    </Filter>
    <Filter Include="Engine\Include\DirectXBase\DirectXDraw\ParticleStore\BaseParticleData">
      <UniqueIdentifier>{daa085f9-6d88-41c2-b2c3-2dbb33ef35e1}</UniqueIdentifier>
    </Filter>
    <Filter Include="Engine\Include\DirectXBase\DirectXDraw\ParticleStore\BaseParticleData\BiilboardParticleData">
      <UniqueIdentifier>{0120a3f6-73b1-4bce-953f-cdea7ba4f639}</UniqueIdentifier>
    </Filter>
    <Filter Include="Engine\Include\DirectXBase\DirectXDraw\ParticleStore\BaseParticleData\ModelParticleData">
      <UniqueIdentifier>{388e64b9-e66b-4f14-b0ca-fde2d77c2e68}</UniqueIdentifier>
    </Filter>
    <Filter Include="Engine\Include\Handle">
      <UniqueIdentifier>{eca3d1ae-1445-49a2-b356-094762a85e7b}</UniqueIdentifier>
    </Filter>
    <Filter Include="Engine\Include\DirectXBase\DirectXDraw\ResourcesData\PrimitiveResourcesData\PrimitiveResourcesBillboard">
      <UniqueIdentifier>{6cb12724-5011-4577-9ce6-3e9dd08d3282}</UniqueIdentifier>
    </Filter>
    <Filter Include="Engine\Include\DirectXBase\DirectXDraw\ParticleStore\ParticleEmitter">
      <UniqueIdentifier>{49ce2bc4-195f-467c-8a86-cf7fddfbb336}</UniqueIdentifier>
    </Filter>
    <Filter Include="Engine\Include\DirectXBase\DirectXDraw\ParticleStore\ParticleEmitter\BillboardParticleEmitter">
      <UniqueIdentifier>{1abfe441-46b5-4e8f-bd73-834ce7f146cb}</UniqueIdentifier>
    </Filter>
    <Filter Include="Engine\Include\DirectXBase\DirectXDraw\ParticleStore\ParticleEmitter\ModelParticleEmitter">
      <UniqueIdentifier>{20910c24-0bb1-4357-852d-799bfae471af}</UniqueIdentifier>
    </Filter>
    <Filter Include="Engine\Shader\Particle">
      <UniqueIdentifier>{d098d713-3235-461e-a13b-bc45d0c9ce1f}</UniqueIdentifier>
    </Filter>
    <Filter Include="Engine\Include\DirectXBase\DirectXDraw\BaseOrganizePSO\OrganizePSOParticle">
      <UniqueIdentifier>{91352e56-a83f-4f83-a656-980dd48b4d0e}</UniqueIdentifier>
    </Filter>
    <Filter Include="Engine\Include\DirectXBase\DirectXDraw\BaseOrganizePSO\OrganizePSOParticle\SinglePSOParticleAdd">
      <UniqueIdentifier>{2b5c020d-667d-402e-b77b-b600046db000}</UniqueIdentifier>
    </Filter>
    <Filter Include="Engine\Include\DirectXBase\DirectXDraw\BaseOrganizePSO\OrganizePSOParticle\SinglePSOParticleNone">
      <UniqueIdentifier>{f328d0e7-d628-4154-81c9-48c81014c9df}</UniqueIdentifier>
    </Filter>
    <Filter Include="Engine\Include\DirectXBase\DirectXDraw\BaseOrganizePSO\OrganizePSOParticle\SinglePSOParticleNormal">
      <UniqueIdentifier>{a3579e50-7d20-4a6f-96cf-e924f647339c}</UniqueIdentifier>
    </Filter>
    <Filter Include="Engine\Include\DirectXBase\DirectXDraw\BaseOrganizePSO\OrganizePSOParticle\SignelPSOParticleSubtract">
      <UniqueIdentifier>{b63db5e4-2973-44c7-bac7-a09f49b69a8b}</UniqueIdentifier>
    </Filter>
    <Filter Include="Engine\Include\DirectXBase\DirectXDraw\BaseOrganizePSO\OrganizePSOParticle\SinglePSOParticleMultiply">
      <UniqueIdentifier>{b2f559d4-3012-4423-b740-5911b96f8e3a}</UniqueIdentifier>
    </Filter>
    <Filter Include="Engine\Include\DirectXBase\DirectXDraw\BaseOrganizePSO\OrganizePSOParticle\SinglePSOParticleScreen">
      <UniqueIdentifier>{89edcfd9-fd0e-47c7-bb49-7f4d4b1eec72}</UniqueIdentifier>
    </Filter>
    <Filter Include="Engine\Include\DirectXBase\DirectXDraw\ParticleStore\ParticleInstance">
      <UniqueIdentifier>{415de9c2-0928-490a-810b-c7ec83a1cfc3}</UniqueIdentifier>
    </Filter>
    <Filter Include="Engine\Include\Framework">
      <UniqueIdentifier>{dc55c32e-40e6-42f3-9453-6cb569c54ff8}</UniqueIdentifier>
    </Filter>
    <Filter Include="Engine\Include\Scene\BaseScene">
      <UniqueIdentifier>{b11f461d-10c1-4fd8-9ca9-abd6e916648d}</UniqueIdentifier>
    </Filter>
    <Filter Include="Engine\Include\Scene\SceneManager">
      <UniqueIdentifier>{cd6ebf28-15ca-457e-ac90-09259c221e87}</UniqueIdentifier>
    </Filter>
    <Filter Include="Engine\Include\Scene\BaseSceneFactory">
      <UniqueIdentifier>{7a4abd06-9317-4aea-9f01-57ff6b9a9f92}</UniqueIdentifier>
    </Filter>
    <Filter Include="Game\Scene">
      <UniqueIdentifier>{9ff01145-578a-4b67-adff-c74813db874f}</UniqueIdentifier>
    </Filter>
    <Filter Include="Game\Scene\GameScene">
      <UniqueIdentifier>{a03b6311-6f2c-45f0-86fe-ca46e1e0ff10}</UniqueIdentifier>
    </Filter>
    <Filter Include="Game\Scene\GameScene\BaseCharacter">
      <UniqueIdentifier>{ea5e56f7-9349-42aa-9cc1-aaaaf4c2cbe3}</UniqueIdentifier>
    </Filter>
    <Filter Include="Game\Scene\GameScene\BaseCharacter\Player">
      <UniqueIdentifier>{d864256c-4f65-4b58-bab0-1c0296e49552}</UniqueIdentifier>
    </Filter>
    <Filter Include="Game\Scene\GameScene\GameSystem">
      <UniqueIdentifier>{2b013102-eb90-477d-a4d2-866049c3ce1a}</UniqueIdentifier>
    </Filter>
    <Filter Include="Game\Scene\GameScene\GameSystem\InputHandler">
      <UniqueIdentifier>{5ee09737-aa53-4df2-a57e-cb8ff7ca1b3e}</UniqueIdentifier>
    </Filter>
    <Filter Include="Game\Scene\GameScene\GameSystem\InputHandler\Gamepad">
      <UniqueIdentifier>{0ec8c679-3be9-4692-a6e3-b729c5ddab84}</UniqueIdentifier>
    </Filter>
    <Filter Include="Game\Scene\GameScene\GameSystem\InputHandler\Gamepad\InputMoveGamepad">
      <UniqueIdentifier>{140d5141-56f4-4569-be1d-5e565c10d77d}</UniqueIdentifier>
    </Filter>
    <Filter Include="Game\Scene\GameScene\GameSystem\InputHandler\Gamepad\InputDashGamepad">
      <UniqueIdentifier>{53d49591-1f99-4690-9f5f-62797646e2a1}</UniqueIdentifier>
    </Filter>
    <Filter Include="Game\Scene\GameScene\GameSystem\InputHandler\Keyboard">
      <UniqueIdentifier>{6f851041-a338-45e2-94a6-ecf2a900ba8b}</UniqueIdentifier>
    </Filter>
    <Filter Include="Game\Scene\GameScene\GameSystem\InputHandler\Keyboard\InputMoveKey">
      <UniqueIdentifier>{02a21eb6-a00b-4421-85a2-42d613bea0bc}</UniqueIdentifier>
    </Filter>
    <Filter Include="Game\Scene\GameScene\GameSystem\InputHandler\Keyboard\InputDashKey">
      <UniqueIdentifier>{b6c0a96c-8055-42f0-9683-d39e8777b90b}</UniqueIdentifier>
    </Filter>
    <Filter Include="Game\Scene\GameScene\GameSystem\SystemLogic">
      <UniqueIdentifier>{379aa51a-27a7-4815-b2c5-5cf8c5f5ef40}</UniqueIdentifier>
    </Filter>
    <Filter Include="Game\Scene\GameScene\GameSystem\SystemLogic\LogicMove">
      <UniqueIdentifier>{a6dc33e2-b575-4f22-a7b3-925fbe780e59}</UniqueIdentifier>
    </Filter>
    <Filter Include="Game\Scene\GameScene\GameSystem\SystemLogic\LogicMoveSpeed">
      <UniqueIdentifier>{8bfdd96f-83a9-4762-9625-293a412b7d5f}</UniqueIdentifier>
    </Filter>
    <Filter Include="Game\Scene\GameScene\GameSystem\SystemController">
      <UniqueIdentifier>{164353df-9b65-45c6-b8b3-437a49934aab}</UniqueIdentifier>
    </Filter>
    <Filter Include="Game\Scene\GameScene\GameSystem\SystemController\MoveController">
      <UniqueIdentifier>{a764a332-ac9c-4221-a91a-c54f9770f79a}</UniqueIdentifier>
    </Filter>
    <Filter Include="Game\Scene\TitleScene">
      <UniqueIdentifier>{5ea59f49-eeac-4cbb-b937-46ec019e856e}</UniqueIdentifier>
    </Filter>
    <Filter Include="Game\SceneFactory">
      <UniqueIdentifier>{aa06fefd-d383-4599-b3fe-f01cbe4d75eb}</UniqueIdentifier>
    </Filter>
    <Filter Include="Engine\Include\DirectXBase\DirectXDraw\DataForGPU\ParticleForGPU">
      <UniqueIdentifier>{32bac59e-c010-4bd2-a842-a161a48465a3}</UniqueIdentifier>
    </Filter>
    <Filter Include="Game\Scene\GameScene\GameSystem\SystemLogic\LogicMoveRotate">
      <UniqueIdentifier>{dd49a4de-a782-4752-9baa-7399408b442a}</UniqueIdentifier>
    </Filter>
    <Filter Include="Game\Scene\GameScene\GameSystem\InputHandler\Gamepad\InputStanceGamepad">
      <UniqueIdentifier>{a49e4657-6f6e-43ad-b0d8-224a0f457e26}</UniqueIdentifier>
    </Filter>
    <Filter Include="Game\Scene\GameScene\GameSystem\InputHandler\Keyboard\InputStanceKey">
      <UniqueIdentifier>{fa8100cf-c423-4996-8dde-0d609501fc16}</UniqueIdentifier>
    </Filter>
    <Filter Include="Game\Scene\GameScene\BaseCharacter\Enemy">
      <UniqueIdentifier>{d3fe2b81-0163-4397-a2b4-effc968d1b18}</UniqueIdentifier>
    </Filter>
    <Filter Include="Game\Scene\GameScene\GameSystem\InputHandler\Gamepad\InputMainCameraRotateGamepad">
      <UniqueIdentifier>{c426cfbe-47e5-4ac1-8d8b-f823ce7e870a}</UniqueIdentifier>
    </Filter>
    <Filter Include="Game\Scene\GameScene\GameSystem\SystemLogic\LogicMainCameraRotateSpeed">
      <UniqueIdentifier>{94823834-5563-4cb3-b76a-f81b72e48069}</UniqueIdentifier>
    </Filter>
    <Filter Include="Game\Scene\GameScene\GameSystem\SystemController\MainCameraRotateController">
      <UniqueIdentifier>{10d400f6-5ee2-4887-bd9d-6847ef041470}</UniqueIdentifier>
    </Filter>
    <Filter Include="Game\Scene\GameScene\GameSystem\InputHandler\Keyboard\InputMainCameraRotateKey">
      <UniqueIdentifier>{82d4a0a7-f829-49f7-b2ef-07b9bfee7179}</UniqueIdentifier>
    </Filter>
    <Filter Include="Game\Scene\GameScene\BaseCharacter\Player\BaseMoveState">
      <UniqueIdentifier>{72e610cc-c68d-4841-b2c6-59effa6a3d90}</UniqueIdentifier>
    </Filter>
  </ItemGroup>
  <ItemGroup>
    <ClCompile Include="main.cpp">
      <Filter>ソース ファイル</Filter>
    </ClCompile>
    <ClCompile Include="Engine\MugenEngine.cpp">
      <Filter>Engine\Include</Filter>
    </ClCompile>
    <ClCompile Include="Engine\WinApp\WinApp.cpp">
      <Filter>Engine\Include\WinApp</Filter>
    </ClCompile>
    <ClCompile Include="Engine\Func\ConvertString\ConvertString.cpp">
      <Filter>Engine\Include\Func\ConvertString</Filter>
    </ClCompile>
    <ClCompile Include="Engine\LogFile\LogFile.cpp">
      <Filter>Engine\Include\LogFile</Filter>
    </ClCompile>
    <ClCompile Include="Engine\Math\Vector2\Vector2.cpp">
      <Filter>Engine\Include\Math\Vector2</Filter>
    </ClCompile>
    <ClCompile Include="Engine\Math\Vector3\Vector3.cpp">
      <Filter>Engine\Include\Math\Vector3</Filter>
    </ClCompile>
    <ClCompile Include="Engine\Math\Vector1\Vector1.cpp">
      <Filter>Engine\Include\Math\Vector1</Filter>
    </ClCompile>
    <ClCompile Include="Engine\Math\Vector4\Vector4.cpp">
      <Filter>Engine\Include\Math\Vector4</Filter>
    </ClCompile>
    <ClCompile Include="Engine\DirectXBase\DirectXBase.cpp">
      <Filter>Engine\Include\DirectXBase</Filter>
    </ClCompile>
    <ClCompile Include="Engine\DirectXBase\DirectXDevice\DirectXDevice.cpp">
      <Filter>Engine\Include\DirectXBase\DirectXDevice</Filter>
    </ClCompile>
    <ClCompile Include="Engine\Func\CrushHandler\CrushHandler.cpp">
      <Filter>Engine\Include\Func\CrushHandler</Filter>
    </ClCompile>
    <ClCompile Include="Engine\DirectXBase\DirectXCommand\DirectXCommand.cpp">
      <Filter>Engine\Include\DirectXBase\DirectXCommand</Filter>
    </ClCompile>
    <ClCompile Include="Engine\DirectXBase\DirectXHeap\DirectXHeap.cpp">
      <Filter>Engine\Include\DirectXBase\DirectXHeap</Filter>
    </ClCompile>
    <ClCompile Include="Engine\DirectXBase\DirectXBuffering\DirectXBuffering.cpp">
      <Filter>Engine\Include\DirectXBase\DirectXBuffering</Filter>
    </ClCompile>
    <ClCompile Include="Engine\DirectXBase\DirectXDebug\DirectXDebug.cpp">
      <Filter>Engine\Include\DirectXBase\DirectXDebug</Filter>
    </ClCompile>
    <ClCompile Include="Engine\Func\DirectXTransitionBarrier\DirectXTransitionBarrier.cpp">
      <Filter>Engine\Include\Func\DirectXTransitionBarrier</Filter>
    </ClCompile>
    <ClCompile Include="Engine\DirectXBase\DirectXFence\DirectXFence.cpp">
      <Filter>Engine\Include\DirectXBase\DirectXFence</Filter>
    </ClCompile>
    <ClCompile Include="Engine\DirectXBase\DirectXDraw\DirectXShaderCompile\DirectXShaderCompile.cpp">
      <Filter>Engine\Include\DirectXBase\DirectXDraw\DirectXShaderCompile</Filter>
    </ClCompile>
    <ClCompile Include="Engine\DirectXBase\DirectXDraw\DirectXDraw.cpp">
      <Filter>Engine\Include\DirectXBase\DirectXDraw</Filter>
    </ClCompile>
    <ClCompile Include="Engine\DirectXBase\DirectXDraw\BaseOrganizePSO\OrganizePSOPrimitive\OrganizePSOPrimitive.cpp">
      <Filter>Engine\Include\DirectXBase\DirectXDraw\BaseOrganizePSO\OrganizePSOPrimitive</Filter>
    </ClCompile>
    <ClCompile Include="Engine\DirectXBase\DirectXDraw\BaseOrganizePSO\BaseSinglePSO\BaseSinglePSO.cpp">
      <Filter>Engine\Include\DirectXBase\DirectXDraw\BaseOrganizePSO\BaseSinglePSO</Filter>
    </ClCompile>
    <ClCompile Include="Engine\DirectXBase\DirectXDraw\BaseOrganizePSO\OrganizePSOPrimitive\SinglePSOPrimitiveNone\SinglePSOPrimitiveNone.cpp">
      <Filter>Engine\Include\DirectXBase\DirectXDraw\BaseOrganizePSO\OrganizePSOPrimitive\SinglePSOPrimitiveNone</Filter>
    </ClCompile>
    <ClCompile Include="Engine\Func\CreateBufferResource\CreateBufferResource.cpp">
      <Filter>Engine\Include\Func\CreateBufferResource</Filter>
    </ClCompile>
    <ClCompile Include="Engine\Math\Matrix4x4\Matrix4x4.cpp">
      <Filter>Engine\Include\Math\Matrix4x4</Filter>
    </ClCompile>
    <ClCompile Include="Engine\DirectXBase\DirectXDraw\BaseMesh\MeshOptions\Transform\Transform.cpp">
      <Filter>Engine\Include\DirectXBase\DirectXDraw\BaseMesh\MeshOptions\Transform</Filter>
    </ClCompile>
    <ClCompile Include="Engine\Func\LoadTexture\LoadTexture.cpp">
      <Filter>Engine\Include\Func\LoadTexture</Filter>
    </ClCompile>
    <ClCompile Include="Engine\DirectXBase\DirectXDraw\DataForGPU\VertexData\VertexData.cpp">
      <Filter>Engine\Include\DirectXBase\DirectXDraw\DataForGPU\VertexData</Filter>
    </ClCompile>
    <ClCompile Include="Engine\DirectXBase\DirectXDraw\TextureStore\TextureStore.cpp">
      <Filter>Engine\Include\DirectXBase\DirectXDraw\TextureStore</Filter>
    </ClCompile>
    <ClCompile Include="Engine\DirectXBase\ResourcesDepthStencil\ResourcesDepthStencil.cpp">
      <Filter>Engine\Include\DirectXBase\ResourcesDepthStencil</Filter>
    </ClCompile>
    <ClCompile Include="Engine\DirectXBase\DirectXDraw\BaseOrganizePSO\BaseOrganizePSO.cpp">
      <Filter>Engine\Include\DirectXBase\DirectXDraw\BaseOrganizePSO</Filter>
    </ClCompile>
    <ClCompile Include="Engine\DirectXBase\DirectXDraw\BaseMesh\MeshOptions\WorldTransform3D\WorldTransform3D.cpp">
      <Filter>Engine\Include\DirectXBase\DirectXDraw\BaseMesh\MeshOptions\WorldTransform3D</Filter>
    </ClCompile>
    <ClCompile Include="Engine\DirectXBase\DirectXDraw\DataForGPU\MaterialData\MaterialData.cpp">
      <Filter>Engine\Include\DirectXBase\DirectXDraw\DataForGPU\MaterialData</Filter>
    </ClCompile>
    <ClCompile Include="Engine\DirectXBase\DirectXDraw\DataForGPU\TransformationData\TransformationData.cpp">
      <Filter>Engine\Include\DirectXBase\DirectXDraw\DataForGPU\TransformationData</Filter>
    </ClCompile>
    <ClCompile Include="Engine\DirectXBase\DirectXDraw\DataForGPU\LightData\LightData.cpp">
      <Filter>Engine\Include\DirectXBase\DirectXDraw\DataForGPU\LightData</Filter>
    </ClCompile>
    <ClCompile Include="Game\Game.cpp">
      <Filter>Game</Filter>
    </ClCompile>
    <ClCompile Include="Engine\Input\Input.cpp">
      <Filter>Engine\Include\Input</Filter>
    </ClCompile>
    <ClCompile Include="Engine\AudioStore\AudioStore.cpp">
      <Filter>Engine\Include\AudioStore</Filter>
    </ClCompile>
    <ClCompile Include="Engine\DirectXBase\DirectXDraw\BaseMesh\BaseMesh.cpp">
      <Filter>Engine\Include\DirectXBase\DirectXDraw\BaseMesh</Filter>
    </ClCompile>
    <ClCompile Include="Engine\Collision\Collision.cpp">
      <Filter>Engine\Include\Collision</Filter>
    </ClCompile>
    <ClCompile Include="Engine\Collision\Shape\AABB\AABB.cpp">
      <Filter>Engine\Include\Collision\Shape\AABB</Filter>
    </ClCompile>
    <ClCompile Include="Engine\Collision\Shape\Line\Line.cpp">
      <Filter>Engine\Include\Collision\Shape\Line</Filter>
    </ClCompile>
    <ClCompile Include="Engine\Collision\Shape\Triangle\Triangle.cpp">
      <Filter>Engine\Include\Collision\Shape\Triangle</Filter>
    </ClCompile>
    <ClCompile Include="Engine\Collision\Shape\Ray\Ray.cpp">
      <Filter>Engine\Include\Collision\Shape\Ray</Filter>
    </ClCompile>
    <ClCompile Include="Engine\Collision\Shape\Segment\Segment.cpp">
      <Filter>Engine\Include\Collision\Shape\Segment</Filter>
    </ClCompile>
    <ClCompile Include="Engine\Collision\Shape\Plane\Plane.cpp">
      <Filter>Engine\Include\Collision\Shape\Plane</Filter>
    </ClCompile>
    <ClCompile Include="Engine\Collision\Shape\OBB\OBB.cpp">
      <Filter>Engine\Include\Collision\Shape\OBB</Filter>
    </ClCompile>
    <ClCompile Include="Engine\Math\Matrix3x3\Matrix3x3.cpp">
      <Filter>Engine\Include\Math\Matrix3x3</Filter>
    </ClCompile>
    <ClCompile Include="Engine\DirectXBase\DirectXDraw\BaseMesh\MeshOptions\WorldTransform2D\WorldTransform2D.cpp">
      <Filter>Engine\Include\DirectXBase\DirectXDraw\BaseMesh\MeshOptions\WorldTransform2D</Filter>
    </ClCompile>
    <ClCompile Include="Engine\DirectXBase\DirectXDraw\BaseMesh\MeshOptions\UVTransform\UVTransform.cpp">
      <Filter>Engine\Include\DirectXBase\DirectXDraw\BaseMesh\MeshOptions\UVTransform</Filter>
    </ClCompile>
    <ClCompile Include="Engine\DirectXBase\DirectXDraw\Camera\Camera3D\Camera3D.cpp">
      <Filter>Engine\Include\DirectXBase\DirectXDraw\Camera\Camera3D</Filter>
    </ClCompile>
    <ClCompile Include="Engine\DirectXBase\DirectXDraw\Camera\Camera2D\Camera2D.cpp">
      <Filter>Engine\Include\DirectXBase\DirectXDraw\Camera\Camera2D</Filter>
    </ClCompile>
    <ClCompile Include="Engine\Collision\Shape\Sphere\Sphere.cpp">
      <Filter>Engine\Include\Collision\Shape\Sphere</Filter>
    </ClCompile>
    <ClCompile Include="Engine\DirectXBase\DirectXDraw\ModelStore\ModelStore.cpp">
      <Filter>Engine\Include\DirectXBase\DirectXDraw\ModelStore</Filter>
    </ClCompile>
    <ClCompile Include="Engine\DirectXBase\DirectXDraw\ModelStore\ModelData\ModelData.cpp">
      <Filter>Engine\Include\DirectXBase\DirectXDraw\ModelStore\ModelData</Filter>
    </ClCompile>
    <ClCompile Include="Engine\Physics\AirDrag\AirDrag.cpp">
      <Filter>Engine\Include\Physics\AirDrag</Filter>
    </ClCompile>
    <ClCompile Include="Engine\Physics\Friction\Friction.cpp">
      <Filter>Engine\Include\Physics\Friction</Filter>
    </ClCompile>
    <ClCompile Include="Engine\DirectXBase\DirectXDraw\BaseOrganizePSO\OrganizePSOPrimitive\SinglePSOPrimitiveNormal\SinglePSOPrimitiveNormal.cpp">
      <Filter>Engine\Include\DirectXBase\DirectXDraw\BaseOrganizePSO\OrganizePSOPrimitive\SinglePSOPrimitiveNormal</Filter>
    </ClCompile>
    <ClCompile Include="Engine\DirectXBase\DirectXDraw\BaseOrganizePSO\EnumBlendMode\EnumBlendMode.cpp">
      <Filter>Engine\Include\DirectXBase\DirectXDraw\BaseOrganizePSO\EnumBlendMode</Filter>
    </ClCompile>
    <ClCompile Include="Engine\DirectXBase\DirectXDraw\BaseMesh\MeshUVSphere\MeshUVSphere.cpp">
      <Filter>Engine\Include\DirectXBase\DirectXDraw\BaseMesh\MeshUVSphere</Filter>
    </ClCompile>
    <ClCompile Include="Engine\DirectXBase\DirectXDraw\BaseOrganizePSO\OrganizePSOPrimitive\SinglePSOPrimitiveAdd\SinglePSOPrimitiveAdd.cpp">
      <Filter>Engine\Include\DirectXBase\DirectXDraw\BaseOrganizePSO\OrganizePSOPrimitive\SinglePSOPrimitiveAdd</Filter>
    </ClCompile>
    <ClCompile Include="Engine\DirectXBase\DirectXDraw\BaseOrganizePSO\OrganizePSOPrimitive\SinglePSOPrimitiveSubtract\SinglePSOPrimitiveSubtract.cpp">
      <Filter>Engine\Include\DirectXBase\DirectXDraw\BaseOrganizePSO\OrganizePSOPrimitive\SinglePSOPrimitiveSubtract</Filter>
    </ClCompile>
    <ClCompile Include="Engine\DirectXBase\DirectXDraw\BaseOrganizePSO\OrganizePSOPrimitive\SinglePSOPrimitiveMultiply\SinglePSOPrimitiveMultiply.cpp">
      <Filter>Engine\Include\DirectXBase\DirectXDraw\BaseOrganizePSO\OrganizePSOPrimitive\SinglePSOPrimitiveMultiply</Filter>
    </ClCompile>
    <ClCompile Include="Engine\DirectXBase\DirectXDraw\BaseOrganizePSO\OrganizePSOPrimitive\SinglePSOPrimitiveScreen\SinglePSOPrimitiveScreen.cpp">
      <Filter>Engine\Include\DirectXBase\DirectXDraw\BaseOrganizePSO\OrganizePSOPrimitive\SinglePSOPrimitiveScreen</Filter>
    </ClCompile>
    <ClCompile Include="Engine\DirectXBase\DirectXDraw\BaseMesh\MeshCube\MeshCube.cpp">
      <Filter>Engine\Include\DirectXBase\DirectXDraw\BaseMesh\MeshCube</Filter>
    </ClCompile>
    <ClCompile Include="Engine\DirectXBase\DirectXDraw\BaseMesh\MeshSprite\MeshSprite.cpp">
      <Filter>Engine\Include\DirectXBase\DirectXDraw\BaseMesh\MeshSprite</Filter>
    </ClCompile>
    <ClCompile Include="Engine\DirectXBase\DirectXDraw\ResourcesData\PrimitiveResourcesData\PrimitiveResourcesData.cpp">
      <Filter>Engine\Include\DirectXBase\DirectXDraw\ResourcesData\PrimitiveResourcesData</Filter>
    </ClCompile>
    <ClCompile Include="Engine\DirectXBase\DirectXDraw\ResourcesData\PrimitiveResourcesData\PrimitiveResourcesCube\PrimitiveResourcesCube.cpp">
      <Filter>Engine\Include\DirectXBase\DirectXDraw\ResourcesData\PrimitiveResourcesData\PrimitiveResourcesCube</Filter>
    </ClCompile>
    <ClCompile Include="Engine\DirectXBase\DirectXDraw\ResourcesData\PrimitiveResourcesData\PrimitiveResourcesSprite\PrimitiveResourcesSprite.cpp">
      <Filter>Engine\Include\DirectXBase\DirectXDraw\ResourcesData\PrimitiveResourcesData\PrimitiveResourcesSprite</Filter>
    </ClCompile>
    <ClCompile Include="Engine\DirectXBase\DirectXDraw\ResourcesData\PrimitiveResourcesData\PrimitiveResourcesUVSphere\PrimitiveResourcesUVSphere.cpp">
      <Filter>Engine\Include\DirectXBase\DirectXDraw\ResourcesData\PrimitiveResourcesData\PrimitiveResourcesUVSphere</Filter>
    </ClCompile>
    <ClCompile Include="Engine\DirectXBase\DirectXDraw\ResourcesData\DirectionalLightResourcesData\DirectionalLightResourcesData.cpp">
      <Filter>Engine\Include\DirectXBase\DirectXDraw\ResourcesData\DirectionalLightResourcesData</Filter>
    </ClCompile>
    <ClCompile Include="Engine\Func\LoadModel\LoadModel.cpp">
      <Filter>Engine\Include\Func\LoadModel</Filter>
    </ClCompile>
    <ClCompile Include="Engine\DirectXBase\DirectXDraw\BaseMesh\MeshModel\MeshModel.cpp">
      <Filter>Engine\Include\DirectXBase\DirectXDraw\BaseMesh\MeshModel</Filter>
    </ClCompile>
    <ClCompile Include="Engine\DirectXBase\DirectXDraw\ResourcesData\MaterialResourcesDataCBV\MaterialResourcesDataCBV.cpp">
      <Filter>Engine\Include\DirectXBase\DirectXDraw\ResourcesData\MaterialResourcesDataCBV</Filter>
    </ClCompile>
    <ClCompile Include="Engine\DirectXBase\DirectXDraw\ResourcesData\TransformationResourcesDataCBV\TransformationResourcesDataCBV.cpp">
      <Filter>Engine\Include\DirectXBase\DirectXDraw\ResourcesData\TransformationResourcesDataCBV</Filter>
    </ClCompile>
    <ClCompile Include="Engine\DirectXBase\DirectXDraw\ResourcesData\MainCameraResourcesDataCBV\MainCameraResourcesDataCBV.cpp">
      <Filter>Engine\Include\DirectXBase\DirectXDraw\ResourcesData\MainCameraResourcesDataCBV</Filter>
    </ClCompile>
    <ClCompile Include="Engine\DirectXBase\DirectXDraw\DataForGPU\CameraDataForGPU\CameraDataForGPU.cpp">
      <Filter>Engine\Include\DirectXBase\DirectXDraw\DataForGPU\CameraDataForGPU</Filter>
    </ClCompile>
    <ClCompile Include="Engine\DirectXBase\DirectXDraw\BaseMesh\MeshOptions\Material\Material.cpp">
      <Filter>Engine\Include\DirectXBase\DirectXDraw\BaseMesh\MeshOptions\Material</Filter>
    </ClCompile>
    <ClCompile Include="Engine\DirectXBase\DirectXDraw\ResourcesData\PointLightResourcesData\PointLightResourcesData.cpp">
      <Filter>Engine\Include\DirectXBase\DirectXDraw\ResourcesData\PointLightResourcesData</Filter>
    </ClCompile>
    <ClCompile Include="Engine\DirectXBase\DirectXDraw\ResourcesData\SpotLightResourcesData\SpotLightResourcesData.cpp">
      <Filter>Engine\Include\DirectXBase\DirectXDraw\ResourcesData\SpotLightResourcesData</Filter>
    </ClCompile>
    <ClCompile Include="Engine\GameCamera\GameCamera.cpp">
      <Filter>Engine\Include\GameCamera</Filter>
    </ClCompile>
    <ClCompile Include="Engine\GameCamera\MainCamera\MainCamera.cpp">
      <Filter>Engine\Include\GameCamera\MainCamera</Filter>
    </ClCompile>
    <ClCompile Include="Engine\GameCamera\DebugCamera\DebugCamera.cpp">
      <Filter>Engine\Include\GameCamera\DebugCamera</Filter>
    </ClCompile>
    <ClCompile Include="Game\Scene\GameScene\GameScene.cpp">
      <Filter>Game\Scene\GameScene</Filter>
    </ClCompile>
    <ClCompile Include="Engine\Math\Probability\Probability.cpp">
      <Filter>Engine\Include\Math\Probability</Filter>
    </ClCompile>
    <ClCompile Include="Engine\Math\Quaternion\Quaternion.cpp">
      <Filter>Engine\Include\Math\Quaternion</Filter>
    </ClCompile>
    <ClCompile Include="Engine\Math\Easing\Easing.cpp">
      <Filter>Engine\Include\Math\Easing</Filter>
    </ClCompile>
    <ClCompile Include="Engine\DirectXBase\DirectXDraw\BaseOrganizePSO\OrganizePSOSprite\OrganizePSOSprite.cpp">
      <Filter>Engine\Include\DirectXBase\DirectXDraw\BaseOrganizePSO\OrgnaizePSOSprite</Filter>
    </ClCompile>
    <ClCompile Include="Engine\DirectXBase\DirectXDraw\BaseOrganizePSO\OrganizePSOSprite\SinglePSOSpriteSubtract\SinglePSOSpriteSubtract.cpp">
      <Filter>Engine\Include\DirectXBase\DirectXDraw\BaseOrganizePSO\OrgnaizePSOSprite\SinglePSOSpriteSubtract</Filter>
    </ClCompile>
    <ClCompile Include="Engine\DirectXBase\DirectXDraw\BaseOrganizePSO\OrganizePSOSprite\SinglePSOSpriteScreen\SinglePSOSpriteScreen.cpp">
      <Filter>Engine\Include\DirectXBase\DirectXDraw\BaseOrganizePSO\OrgnaizePSOSprite\SinglePSOSpriteScreen</Filter>
    </ClCompile>
    <ClCompile Include="Engine\DirectXBase\DirectXDraw\BaseOrganizePSO\OrganizePSOSprite\SinglePSOSpriteNormal\SinglePSOSpriteNormal.cpp">
      <Filter>Engine\Include\DirectXBase\DirectXDraw\BaseOrganizePSO\OrgnaizePSOSprite\SinglePSOSpriteNormal</Filter>
    </ClCompile>
    <ClCompile Include="Engine\DirectXBase\DirectXDraw\BaseOrganizePSO\OrganizePSOSprite\SinglePSOSpriteNone\SinglePSOSpriteNone.cpp">
      <Filter>Engine\Include\DirectXBase\DirectXDraw\BaseOrganizePSO\OrgnaizePSOSprite\SinglePSOSpriteNone</Filter>
    </ClCompile>
    <ClCompile Include="Engine\DirectXBase\DirectXDraw\BaseOrganizePSO\OrganizePSOSprite\SinglePSOSpriteMultiply\SinglePSOSpriteMultiply.cpp">
      <Filter>Engine\Include\DirectXBase\DirectXDraw\BaseOrganizePSO\OrgnaizePSOSprite\SinglePSOSpriteMultiply</Filter>
    </ClCompile>
    <ClCompile Include="Engine\DirectXBase\DirectXDraw\BaseOrganizePSO\OrganizePSOSprite\SinglePSOSpriteAdd\SinglePSOSpriteAdd.cpp">
      <Filter>Engine\Include\DirectXBase\DirectXDraw\BaseOrganizePSO\OrgnaizePSOSprite\SinglePSOSpriteAdd</Filter>
    </ClCompile>
    <ClCompile Include="Engine\DirectXBase\DirectXDraw\ResourcesData\RenderTargetResources\RenderTargetResources.cpp">
      <Filter>Engine\Include\DirectXBase\DirectXDraw\ResourcesData\RenderTargetResources</Filter>
    </ClCompile>
    <ClCompile Include="Engine\DirectXBase\DirectXDraw\OffscreenDraw\OffscreenDraw.cpp">
      <Filter>Engine\Include\DirectXBase\DirectXDraw\OffscreenDraw</Filter>
    </ClCompile>
    <ClCompile Include="Engine\DirectXBase\DirectXDraw\OffscreenDraw\BasePSOPostEffect\BasePSOPostEffect.cpp">
      <Filter>Engine\Include\DirectXBase\DirectXDraw\OffscreenDraw\BasePSOPostEffect</Filter>
    </ClCompile>
    <ClCompile Include="Engine\DirectXBase\DirectXDraw\OffscreenDraw\BasePSOPostEffect\PSOCopyImage\PSOCopyImage.cpp">
      <Filter>Engine\Include\DirectXBase\DirectXDraw\OffscreenDraw\BasePSOPostEffect\PSOCopyImage</Filter>
    </ClCompile>
    <ClCompile Include="Engine\DirectXBase\DirectXDraw\ModelStore\BaseModelResources\BaseModelResources.cpp">
      <Filter>Engine\Include\DirectXBase\DirectXDraw\ModelStore\BaseModelResources</Filter>
    </ClCompile>
    <ClCompile Include="Engine\DirectXBase\DirectXDraw\ModelStore\BaseModelResources\ObjModelResources\ObjModelResources.cpp">
      <Filter>Engine\Include\DirectXBase\DirectXDraw\ModelStore\BaseModelResources\ObjModelResources</Filter>
    </ClCompile>
    <ClCompile Include="Engine\DirectXBase\DirectXDraw\ModelStore\BaseModelResources\GltfModelResources\GltfModelResources.cpp">
      <Filter>Engine\Include\DirectXBase\DirectXDraw\ModelStore\BaseModelResources\GltfModelResources</Filter>
    </ClCompile>
    <ClCompile Include="Engine\DirectXBase\DirectXDraw\ModelStore\ModelData\Node\Node.cpp">
      <Filter>Engine\Include\DirectXBase\DirectXDraw\ModelStore\ModelData\Node</Filter>
    </ClCompile>
    <ClCompile Include="Engine\DirectXBase\DirectXDraw\ModelStore\ModelData\AnimationData\AnimationData.cpp">
      <Filter>Engine\Include\DirectXBase\DirectXDraw\ModelStore\ModelData\AnimationData</Filter>
    </ClCompile>
    <ClCompile Include="Engine\DirectXBase\DirectXDraw\ModelStore\ModelData\SkeletonData\SkeletonData.cpp">
      <Filter>Engine\Include\DirectXBase\DirectXDraw\ModelStore\ModelData\SkeletonData</Filter>
    </ClCompile>
    <ClCompile Include="Engine\DirectXBase\DirectXDraw\ModelStore\ModelData\WeightData\WeightData.cpp">
      <Filter>Engine\Include\DirectXBase\DirectXDraw\ModelStore\ModelData\WeightData</Filter>
    </ClCompile>
    <ClCompile Include="Engine\DirectXBase\DirectXDraw\ModelStore\ModelData\Influence\Influence.cpp">
      <Filter>Engine\Include\DirectXBase\DirectXDraw\ModelStore\ModelData\Influence</Filter>
    </ClCompile>
    <ClCompile Include="Engine\DirectXBase\DirectXDraw\ModelStore\ModelData\SkinCluster\SkinCluster.cpp">
      <Filter>Engine\Include\DirectXBase\DirectXDraw\ModelStore\ModelData\SkinCluster</Filter>
    </ClCompile>
    <ClCompile Include="Engine\DirectXBase\DirectXDraw\BaseOrganizePSO\OrganizePSOSkinningModel\OrganizePSOSkinningModel.cpp">
      <Filter>Engine\Include\DirectXBase\DirectXDraw\BaseOrganizePSO\OrganizePSOSkinningModel</Filter>
    </ClCompile>
    <ClCompile Include="Engine\DirectXBase\DirectXDraw\BaseOrganizePSO\OrganizePSOSkinningModel\SinglePSOSkinningModelNone\SinglePSOSkinningModelNone.cpp">
      <Filter>Engine\Include\DirectXBase\DirectXDraw\BaseOrganizePSO\OrganizePSOSkinningModel\SinglePSOSkinningModelNone</Filter>
    </ClCompile>
    <ClCompile Include="Engine\DirectXBase\DirectXDraw\BaseOrganizePSO\OrganizePSOSkinningModel\SinglePSOSkinningModelNormal\SinglePSOSkinningModelNormal.cpp">
      <Filter>Engine\Include\DirectXBase\DirectXDraw\BaseOrganizePSO\OrganizePSOSkinningModel\SinglePSOSkinningModelNormal</Filter>
    </ClCompile>
    <ClCompile Include="Engine\DirectXBase\DirectXDraw\BaseOrganizePSO\OrganizePSOSkinningModel\SinglePSOSkinningModelAdd\SinglePSOSkinningModelAdd.cpp">
      <Filter>Engine\Include\DirectXBase\DirectXDraw\BaseOrganizePSO\OrganizePSOSkinningModel\SinglePSOSkinningModelAdd</Filter>
    </ClCompile>
    <ClCompile Include="Engine\DirectXBase\DirectXDraw\BaseOrganizePSO\OrganizePSOSkinningModel\SinglePSOSkinningModelSubtract\SinglePSOSkinningModelSubtract.cpp">
      <Filter>Engine\Include\DirectXBase\DirectXDraw\BaseOrganizePSO\OrganizePSOSkinningModel\SinglePSOSkinningModelSubtract</Filter>
    </ClCompile>
    <ClCompile Include="Engine\DirectXBase\DirectXDraw\BaseOrganizePSO\OrganizePSOSkinningModel\SinglePSOSkinningModelMultiply\SinglePSOSkinningModelMultiply.cpp">
      <Filter>Engine\Include\DirectXBase\DirectXDraw\BaseOrganizePSO\OrganizePSOSkinningModel\SinglePSOSkinningModelMultiply</Filter>
    </ClCompile>
    <ClCompile Include="Engine\DirectXBase\DirectXDraw\BaseOrganizePSO\OrganizePSOSkinningModel\SinglePSOSkinningModelScreen\SinglePSOSkinningModelScreen.cpp">
      <Filter>Engine\Include\DirectXBase\DirectXDraw\BaseOrganizePSO\OrganizePSOSkinningModel\SinglePSOSkinningModelScreen</Filter>
    </ClCompile>
    <ClCompile Include="Engine\DirectXBase\DirectXDraw\ResourcesData\PrimitiveResourcesData\PrimitiveResourcesPlane\PrimitiveResourcesPlane.cpp">
      <Filter>Engine\Include\DirectXBase\DirectXDraw\ResourcesData\PrimitiveResourcesData\PrimitiveResourcesPlane</Filter>
    </ClCompile>
    <ClCompile Include="Engine\DirectXBase\DirectXDraw\BaseMesh\MeshPlane\MeshPlane.cpp">
      <Filter>Engine\Include\DirectXBase\DirectXDraw\BaseMesh\MeshPlane</Filter>
    </ClCompile>
    <ClCompile Include="Game\Scene\GameScene\BaseCharacter\BaseCharacter.cpp">
      <Filter>Game\Scene\GameScene\BaseCharacter</Filter>
    </ClCompile>
    <ClCompile Include="Game\Scene\GameScene\GameSystem\InputHandler\Keyboard\InputMoveKey\InputMoveKey.cpp">
      <Filter>Game\Scene\GameScene\GameSystem\InputHandler\Keyboard\InputMoveKey</Filter>
    </ClCompile>
    <ClCompile Include="Game\Scene\GameScene\GameSystem\SystemLogic\LogicMove\LogicMove.cpp">
      <Filter>Game\Scene\GameScene\GameSystem\SystemLogic\LogicMove</Filter>
    </ClCompile>
    <ClCompile Include="Game\Scene\GameScene\GameSystem\InputHandler\Gamepad\InputMoveGamepad\InputMoveGamepad.cpp">
      <Filter>Game\Scene\GameScene\GameSystem\InputHandler\Gamepad\InputMoveGamepad</Filter>
    </ClCompile>
    <ClCompile Include="Game\Scene\GameScene\GameSystem\SystemLogic\LogicMoveSpeed\LogicMoveSpeed.cpp">
      <Filter>Game\Scene\GameScene\GameSystem\SystemLogic\LogicMoveSpeed</Filter>
    </ClCompile>
    <ClCompile Include="Game\Scene\GameScene\BaseCharacter\Player\Player.cpp">
      <Filter>Game\Scene\GameScene\BaseCharacter\Player</Filter>
    </ClCompile>
    <ClCompile Include="Game\Scene\GameScene\GameSystem\InputHandler\Gamepad\InputDashGamepad\InputDashGamepad.cpp">
      <Filter>Game\Scene\GameScene\GameSystem\InputHandler\Gamepad\InputDashGamepad</Filter>
    </ClCompile>
    <ClCompile Include="Game\Scene\GameScene\GameSystem\InputHandler\Keyboard\InputDashKey\InputDashKey.cpp">
      <Filter>Game\Scene\GameScene\GameSystem\InputHandler\Keyboard\InputDashKey</Filter>
    </ClCompile>
    <ClCompile Include="Game\Scene\GameScene\GameSystem\SystemController\MoveController\MoveController.cpp">
      <Filter>Game\Scene\GameScene\GameSystem\SystemController\MoveController</Filter>
    </ClCompile>
    <ClCompile Include="Engine\RecordSetting\RecordSetting.cpp">
      <Filter>Engine\Include\RecordSetting</Filter>
    </ClCompile>
    <ClCompile Include="Engine\DirectXBase\ImGuiRender\ImGuiRender.cpp">
      <Filter>Engine\Include\DirectXBase\ImGuiRender</Filter>
    </ClCompile>
    <ClCompile Include="Engine\Func\Random\Random.cpp">
      <Filter>Engine\Include\Func\Random</Filter>
    </ClCompile>
    <ClCompile Include="Engine\DirectXBase\DirectXDraw\ParticleStore\ParticleStore.cpp">
      <Filter>Engine\Include\DirectXBase\DirectXDraw\ParticleStore</Filter>
    </ClCompile>
    <ClCompile Include="Engine\DirectXBase\DirectXDraw\ResourcesData\ParticleDataInstancing\ParticleDataInstancing.cpp">
      <Filter>Engine\Include\DirectXBase\DirectXDraw\ResourcesData\TransformationResourceDataInstancing</Filter>
    </ClCompile>
    <ClCompile Include="Engine\DirectXBase\DirectXDraw\ParticleStore\BaseParticleData\BaseParticleData.cpp">
      <Filter>Engine\Include\DirectXBase\DirectXDraw\ParticleStore\BaseParticleData</Filter>
    </ClCompile>
    <ClCompile Include="Engine\DirectXBase\DirectXDraw\ParticleStore\BaseParticleData\BiilboardParticleData\BiilboardParticleData.cpp">
      <Filter>Engine\Include\DirectXBase\DirectXDraw\ParticleStore\BaseParticleData\BiilboardParticleData</Filter>
    </ClCompile>
    <ClCompile Include="Engine\DirectXBase\DirectXDraw\ParticleStore\BaseParticleData\ModelParticleData\ModelParticleData.cpp">
      <Filter>Engine\Include\DirectXBase\DirectXDraw\ParticleStore\BaseParticleData\ModelParticleData</Filter>
    </ClCompile>
    <ClCompile Include="Engine\Handle\Handle.cpp">
      <Filter>Engine\Include\Handle</Filter>
    </ClCompile>
    <ClCompile Include="Engine\DirectXBase\DirectXDraw\ResourcesData\PrimitiveResourcesData\PrimitiveResourcesBillboard\PrimitiveResourcesBillboard.cpp">
      <Filter>Engine\Include\DirectXBase\DirectXDraw\ResourcesData\PrimitiveResourcesData\PrimitiveResourcesBillboard</Filter>
    </ClCompile>
    <ClCompile Include="Engine\DirectXBase\DirectXDraw\ParticleStore\ParticleEmitter\BillboardParticleEmitter\BillboardParticleEmitter.cpp">
      <Filter>Engine\Include\DirectXBase\DirectXDraw\ParticleStore\ParticleEmitter\BillboardParticleEmitter</Filter>
    </ClCompile>
    <ClCompile Include="Engine\DirectXBase\DirectXDraw\ParticleStore\ParticleEmitter\ModelParticleEmitter\ModelParticleEmitter.cpp">
      <Filter>Engine\Include\DirectXBase\DirectXDraw\ParticleStore\ParticleEmitter\ModelParticleEmitter</Filter>
    </ClCompile>
    <ClCompile Include="Engine\DirectXBase\DirectXDraw\BaseOrganizePSO\OrganizePSOParticle\OrganizePSOParticle.cpp">
      <Filter>Engine\Include\DirectXBase\DirectXDraw\BaseOrganizePSO\OrganizePSOParticle</Filter>
    </ClCompile>
    <ClCompile Include="Engine\DirectXBase\DirectXDraw\BaseOrganizePSO\OrganizePSOParticle\SinglePSOParticleNone\SinglePSOParticleNone.cpp">
      <Filter>Engine\Include\DirectXBase\DirectXDraw\BaseOrganizePSO\OrganizePSOParticle\SinglePSOParticleNone</Filter>
    </ClCompile>
    <ClCompile Include="Engine\DirectXBase\DirectXDraw\BaseOrganizePSO\OrganizePSOParticle\SinglePSOParticleNormal\SinglePSOParticleNormal.cpp">
      <Filter>Engine\Include\DirectXBase\DirectXDraw\BaseOrganizePSO\OrganizePSOParticle\SinglePSOParticleNormal</Filter>
    </ClCompile>
    <ClCompile Include="Engine\DirectXBase\DirectXDraw\BaseOrganizePSO\OrganizePSOParticle\SinglePSOParticleAdd\SinglePSOParticleAdd.cpp">
      <Filter>Engine\Include\DirectXBase\DirectXDraw\BaseOrganizePSO\OrganizePSOParticle\SinglePSOParticleAdd</Filter>
    </ClCompile>
    <ClCompile Include="Engine\DirectXBase\DirectXDraw\BaseOrganizePSO\OrganizePSOParticle\SinglePSOParticleSubtract\SinglePSOParticleSubtract.cpp">
      <Filter>Engine\Include\DirectXBase\DirectXDraw\BaseOrganizePSO\OrganizePSOParticle\SignelPSOParticleSubtract</Filter>
    </ClCompile>
    <ClCompile Include="Engine\DirectXBase\DirectXDraw\BaseOrganizePSO\OrganizePSOParticle\SinglePSOParticleMultiply\SinglePSOParticleMultiply.cpp">
      <Filter>Engine\Include\DirectXBase\DirectXDraw\BaseOrganizePSO\OrganizePSOParticle\SinglePSOParticleMultiply</Filter>
    </ClCompile>
    <ClCompile Include="Engine\DirectXBase\DirectXDraw\BaseOrganizePSO\OrganizePSOParticle\SinglePSOParticleScreen\SinglePSOParticleScreen.cpp">
      <Filter>Engine\Include\DirectXBase\DirectXDraw\BaseOrganizePSO\OrganizePSOParticle\SinglePSOParticleScreen</Filter>
    </ClCompile>
    <ClCompile Include="Engine\DirectXBase\DirectXDraw\ParticleStore\ParticleInstance\ParticleInstance.cpp">
      <Filter>Engine\Include\DirectXBase\DirectXDraw\ParticleStore\ParticleInstance</Filter>
    </ClCompile>
    <ClCompile Include="Engine\Framework\Framework.cpp">
      <Filter>Engine\Include\Framework</Filter>
    </ClCompile>
    <ClCompile Include="Engine\Scene\BaseScene\BaseScene.cpp">
      <Filter>Engine\Include\Scene\BaseScene</Filter>
    </ClCompile>
    <ClCompile Include="Engine\Scene\SceneManager\SceneManager.cpp">
      <Filter>Engine\Include\Scene\SceneManager</Filter>
    </ClCompile>
    <ClCompile Include="Game\Scene\TitleScene\TitleScene.cpp">
      <Filter>Game\Scene\TitleScene</Filter>
    </ClCompile>
    <ClCompile Include="Engine\Scene\BaseSceneFactory\BaseSceneFactory.cpp">
      <Filter>Engine\Include\Scene\BaseSceneFactory</Filter>
    </ClCompile>
    <ClCompile Include="Game\SceneFactory\SceneFactory.cpp">
      <Filter>Game\SceneFactory</Filter>
    </ClCompile>
    <ClCompile Include="Engine\DirectXBase\DirectXDraw\DataForGPU\ParticleForGPU\ParticleForGPU.cpp">
      <Filter>Engine\Include\DirectXBase\DirectXDraw\DataForGPU\ParticleForGPU</Filter>
    </ClCompile>
    <ClCompile Include="Game\Scene\GameScene\GameSystem\SystemLogic\LogicMoveRotate\LogicMoveRotate.cpp">
      <Filter>Game\Scene\GameScene\GameSystem\SystemLogic\LogicMoveRotate</Filter>
    </ClCompile>
    <ClCompile Include="Game\Scene\GameScene\GameSystem\InputHandler\Gamepad\InputStanceGamepad\InputStanceGamepad.cpp">
      <Filter>Game\Scene\GameScene\GameSystem\InputHandler\Gamepad\InputStanceGamepad</Filter>
    </ClCompile>
    <ClCompile Include="Game\Scene\GameScene\GameSystem\InputHandler\Keyboard\InputStanceKey\InputStanceKey.cpp">
      <Filter>Game\Scene\GameScene\GameSystem\InputHandler\Keyboard\InputStanceKey</Filter>
    </ClCompile>
    <ClCompile Include="Game\Scene\GameScene\BaseCharacter\Enemy\Enemy.cpp">
      <Filter>Game\Scene\GameScene\BaseCharacter\Enemy</Filter>
    </ClCompile>
    <ClCompile Include="Game\Scene\GameScene\GameSystem\InputHandler\Gamepad\InputMainCameraRotateGamepad\InputMainCameraRotateGamepad.cpp">
      <Filter>Game\Scene\GameScene\GameSystem\InputHandler\Gamepad\InputMainCameraRotateGamepad</Filter>
    </ClCompile>
    <ClCompile Include="Game\Scene\GameScene\GameSystem\SystemLogic\LogicMainCameraRotateSpeed\LogicMainCameraRotateSpeed.cpp">
      <Filter>Game\Scene\GameScene\GameSystem\SystemLogic\LogicMainCameraRotateSpeed</Filter>
    </ClCompile>
    <ClCompile Include="Game\Scene\GameScene\GameSystem\SystemController\MainCameraRotateController\MainCameraRotateController.cpp">
      <Filter>Game\Scene\GameScene\GameSystem\SystemController\MainCameraRotateController</Filter>
    </ClCompile>
    <ClCompile Include="Game\Scene\GameScene\GameSystem\InputHandler\Keyboard\InputMainCameraRotateKey\InputMainCameraRotateKey.cpp">
      <Filter>Game\Scene\GameScene\GameSystem\InputHandler\Keyboard\InputMainCameraRotateKey</Filter>
    </ClCompile>
  </ItemGroup>
  <ItemGroup>
    <ClInclude Include="Engine\MugenEngine.h">
      <Filter>Engine\Include</Filter>
    </ClInclude>
    <ClInclude Include="Engine\WinApp\WinApp.h">
      <Filter>Engine\Include\WinApp</Filter>
    </ClInclude>
    <ClInclude Include="Engine\Func\ConvertString\ConvertString.h">
      <Filter>Engine\Include\Func\ConvertString</Filter>
    </ClInclude>
    <ClInclude Include="Engine\LogFile\LogFile.h">
      <Filter>Engine\Include\LogFile</Filter>
    </ClInclude>
    <ClInclude Include="Engine\Math\Vector2\Vector2.h">
      <Filter>Engine\Include\Math\Vector2</Filter>
    </ClInclude>
    <ClInclude Include="Engine\Math\Vector3\Vector3.h">
      <Filter>Engine\Include\Math\Vector3</Filter>
    </ClInclude>
    <ClInclude Include="Engine\Math\Vector1\Vector1.h">
      <Filter>Engine\Include\Math\Vector1</Filter>
    </ClInclude>
    <ClInclude Include="Engine\Math\Vector4\Vector4.h">
      <Filter>Engine\Include\Math\Vector4</Filter>
    </ClInclude>
    <ClInclude Include="Engine\DirectXBase\DirectXBase.h">
      <Filter>Engine\Include\DirectXBase</Filter>
    </ClInclude>
    <ClInclude Include="Engine\DirectXBase\DirectXDevice\DirectXDevice.h">
      <Filter>Engine\Include\DirectXBase\DirectXDevice</Filter>
    </ClInclude>
    <ClInclude Include="Engine\Func\CrushHandler\CrushHandler.h">
      <Filter>Engine\Include\Func\CrushHandler</Filter>
    </ClInclude>
    <ClInclude Include="Engine\DirectXBase\DirectXCommand\DirectXCommand.h">
      <Filter>Engine\Include\DirectXBase\DirectXCommand</Filter>
    </ClInclude>
    <ClInclude Include="Engine\DirectXBase\DirectXHeap\DirectXHeap.h">
      <Filter>Engine\Include\DirectXBase\DirectXHeap</Filter>
    </ClInclude>
    <ClInclude Include="Engine\DirectXBase\DirectXBuffering\DirectXBuffering.h">
      <Filter>Engine\Include\DirectXBase\DirectXBuffering</Filter>
    </ClInclude>
    <ClInclude Include="Engine\DirectXBase\DirectXDebug\DirectXDebug.h">
      <Filter>Engine\Include\DirectXBase\DirectXDebug</Filter>
    </ClInclude>
    <ClInclude Include="Engine\Func\DirectXTransitionBarrier\DirectXTransitionBarrier.h">
      <Filter>Engine\Include\Func\DirectXTransitionBarrier</Filter>
    </ClInclude>
    <ClInclude Include="Engine\DirectXBase\DirectXFence\DirectXFence.h">
      <Filter>Engine\Include\DirectXBase\DirectXFence</Filter>
    </ClInclude>
    <ClInclude Include="Engine\DirectXBase\DirectXDraw\DirectXShaderCompile\DirectXShaderCompile.h">
      <Filter>Engine\Include\DirectXBase\DirectXDraw\DirectXShaderCompile</Filter>
    </ClInclude>
    <ClInclude Include="Engine\DirectXBase\DirectXDraw\DirectXDraw.h">
      <Filter>Engine\Include\DirectXBase\DirectXDraw</Filter>
    </ClInclude>
    <ClInclude Include="Engine\DirectXBase\DirectXDraw\BaseOrganizePSO\OrganizePSOPrimitive\OrganizePSOPrimitive.h">
      <Filter>Engine\Include\DirectXBase\DirectXDraw\BaseOrganizePSO\OrganizePSOPrimitive</Filter>
    </ClInclude>
    <ClInclude Include="Engine\DirectXBase\DirectXDraw\BaseOrganizePSO\BaseSinglePSO\BaseSinglePSO.h">
      <Filter>Engine\Include\DirectXBase\DirectXDraw\BaseOrganizePSO\BaseSinglePSO</Filter>
    </ClInclude>
    <ClInclude Include="Engine\DirectXBase\DirectXDraw\BaseOrganizePSO\OrganizePSOPrimitive\SinglePSOPrimitiveNone\SinglePSOPrimitiveNone.h">
      <Filter>Engine\Include\DirectXBase\DirectXDraw\BaseOrganizePSO\OrganizePSOPrimitive\SinglePSOPrimitiveNone</Filter>
    </ClInclude>
    <ClInclude Include="Engine\Func\CreateBufferResource\CreateBufferResource.h">
      <Filter>Engine\Include\Func\CreateBufferResource</Filter>
    </ClInclude>
    <ClInclude Include="Engine\Math\Matrix4x4\Matrix4x4.h">
      <Filter>Engine\Include\Math\Matrix4x4</Filter>
    </ClInclude>
    <ClInclude Include="Engine\DirectXBase\DirectXDraw\BaseMesh\MeshOptions\Transform\Transform.h">
      <Filter>Engine\Include\DirectXBase\DirectXDraw\BaseMesh\MeshOptions\Transform</Filter>
    </ClInclude>
    <ClInclude Include="Engine\Func\LoadTexture\LoadTexture.h">
      <Filter>Engine\Include\Func\LoadTexture</Filter>
    </ClInclude>
    <ClInclude Include="Engine\DirectXBase\DirectXDraw\DataForGPU\VertexData\VertexData.h">
      <Filter>Engine\Include\DirectXBase\DirectXDraw\DataForGPU\VertexData</Filter>
    </ClInclude>
    <ClInclude Include="Engine\DirectXBase\DirectXDraw\TextureStore\TextureStore.h">
      <Filter>Engine\Include\DirectXBase\DirectXDraw\TextureStore</Filter>
    </ClInclude>
    <ClInclude Include="Engine\DirectXBase\ResourcesDepthStencil\ResourcesDepthStencil.h">
      <Filter>Engine\Include\DirectXBase\ResourcesDepthStencil</Filter>
    </ClInclude>
    <ClInclude Include="Engine\DirectXBase\DirectXDraw\BaseOrganizePSO\BaseOrganizePSO.h">
      <Filter>Engine\Include\DirectXBase\DirectXDraw\BaseOrganizePSO</Filter>
    </ClInclude>
    <ClInclude Include="Engine\DirectXBase\DirectXDraw\BaseMesh\MeshOptions\WorldTransform3D\WorldTransform3D.h">
      <Filter>Engine\Include\DirectXBase\DirectXDraw\BaseMesh\MeshOptions\WorldTransform3D</Filter>
    </ClInclude>
    <ClInclude Include="Engine\DirectXBase\DirectXDraw\DataForGPU\MaterialData\MaterialData.h">
      <Filter>Engine\Include\DirectXBase\DirectXDraw\DataForGPU\MaterialData</Filter>
    </ClInclude>
    <ClInclude Include="Engine\DirectXBase\DirectXDraw\DataForGPU\TransformationData\TransformationData.h">
      <Filter>Engine\Include\DirectXBase\DirectXDraw\DataForGPU\TransformationData</Filter>
    </ClInclude>
    <ClInclude Include="Engine\DirectXBase\DirectXDraw\DataForGPU\LightData\LightData.h">
      <Filter>Engine\Include\DirectXBase\DirectXDraw\DataForGPU\LightData</Filter>
    </ClInclude>
    <ClInclude Include="Game\Game.h">
      <Filter>Game</Filter>
    </ClInclude>
    <ClInclude Include="Engine\Input\Input.h">
      <Filter>Engine\Include\Input</Filter>
    </ClInclude>
    <ClInclude Include="Engine\AudioStore\AudioStore.h">
      <Filter>Engine\Include\AudioStore</Filter>
    </ClInclude>
    <ClInclude Include="Engine\DirectXBase\DirectXDraw\BaseMesh\BaseMesh.h">
      <Filter>Engine\Include\DirectXBase\DirectXDraw\BaseMesh</Filter>
    </ClInclude>
    <ClInclude Include="Engine\Collision\Collision.h">
      <Filter>Engine\Include\Collision</Filter>
    </ClInclude>
    <ClInclude Include="Engine\Collision\Shape\AABB\AABB.h">
      <Filter>Engine\Include\Collision\Shape\AABB</Filter>
    </ClInclude>
    <ClInclude Include="Engine\Collision\Shape\Line\Line.h">
      <Filter>Engine\Include\Collision\Shape\Line</Filter>
    </ClInclude>
    <ClInclude Include="Engine\Collision\Shape\Triangle\Triangle.h">
      <Filter>Engine\Include\Collision\Shape\Triangle</Filter>
    </ClInclude>
    <ClInclude Include="Engine\Collision\Shape\Ray\Ray.h">
      <Filter>Engine\Include\Collision\Shape\Ray</Filter>
    </ClInclude>
    <ClInclude Include="Engine\Collision\Shape\Segment\Segment.h">
      <Filter>Engine\Include\Collision\Shape\Segment</Filter>
    </ClInclude>
    <ClInclude Include="Engine\Collision\Shape\Plane\Plane.h">
      <Filter>Engine\Include\Collision\Shape\Plane</Filter>
    </ClInclude>
    <ClInclude Include="Engine\Collision\Shape\OBB\OBB.h">
      <Filter>Engine\Include\Collision\Shape\OBB</Filter>
    </ClInclude>
    <ClInclude Include="Engine\Math\Matrix3x3\Matrix3x3.h">
      <Filter>Engine\Include\Math\Matrix3x3</Filter>
    </ClInclude>
    <ClInclude Include="Engine\DirectXBase\DirectXDraw\BaseMesh\MeshOptions\WorldTransform2D\WorldTransform2D.h">
      <Filter>Engine\Include\DirectXBase\DirectXDraw\BaseMesh\MeshOptions\WorldTransform2D</Filter>
    </ClInclude>
    <ClInclude Include="Engine\DirectXBase\DirectXDraw\BaseMesh\MeshOptions\UVTransform\UVTransform.h">
      <Filter>Engine\Include\DirectXBase\DirectXDraw\BaseMesh\MeshOptions\UVTransform</Filter>
    </ClInclude>
    <ClInclude Include="Engine\DirectXBase\DirectXDraw\Camera\Camera3D\Camera3D.h">
      <Filter>Engine\Include\DirectXBase\DirectXDraw\Camera\Camera3D</Filter>
    </ClInclude>
    <ClInclude Include="Engine\DirectXBase\DirectXDraw\Camera\Camera2D\Camera2D.h">
      <Filter>Engine\Include\DirectXBase\DirectXDraw\Camera\Camera2D</Filter>
    </ClInclude>
    <ClInclude Include="Engine\Collision\Shape\Sphere\Sphere.h">
      <Filter>Engine\Include\Collision\Shape\Sphere</Filter>
    </ClInclude>
    <ClInclude Include="Engine\DirectXBase\DirectXDraw\ModelStore\ModelStore.h">
      <Filter>Engine\Include\DirectXBase\DirectXDraw\ModelStore</Filter>
    </ClInclude>
    <ClInclude Include="Engine\DirectXBase\DirectXDraw\ModelStore\ModelData\ModelData.h">
      <Filter>Engine\Include\DirectXBase\DirectXDraw\ModelStore\ModelData</Filter>
    </ClInclude>
    <ClInclude Include="Engine\Physics\AirDrag\AirDrag.h">
      <Filter>Engine\Include\Physics\AirDrag</Filter>
    </ClInclude>
    <ClInclude Include="Engine\Physics\Friction\Friction.h">
      <Filter>Engine\Include\Physics\Friction</Filter>
    </ClInclude>
    <ClInclude Include="Engine\DirectXBase\DirectXDraw\BaseOrganizePSO\OrganizePSOPrimitive\SinglePSOPrimitiveNormal\SinglePSOPrimitiveNormal.h">
      <Filter>Engine\Include\DirectXBase\DirectXDraw\BaseOrganizePSO\OrganizePSOPrimitive\SinglePSOPrimitiveNormal</Filter>
    </ClInclude>
    <ClInclude Include="Engine\DirectXBase\DirectXDraw\BaseOrganizePSO\EnumBlendMode\EnumBlendMode.h">
      <Filter>Engine\Include\DirectXBase\DirectXDraw\BaseOrganizePSO\EnumBlendMode</Filter>
    </ClInclude>
    <ClInclude Include="Engine\DirectXBase\DirectXDraw\BaseMesh\MeshUVSphere\MeshUVSphere.h">
      <Filter>Engine\Include\DirectXBase\DirectXDraw\BaseMesh\MeshUVSphere</Filter>
    </ClInclude>
    <ClInclude Include="Engine\DirectXBase\DirectXDraw\BaseOrganizePSO\OrganizePSOPrimitive\SinglePSOPrimitiveAdd\SinglePSOPrimitiveAdd.h">
      <Filter>Engine\Include\DirectXBase\DirectXDraw\BaseOrganizePSO\OrganizePSOPrimitive\SinglePSOPrimitiveAdd</Filter>
    </ClInclude>
    <ClInclude Include="Engine\DirectXBase\DirectXDraw\BaseOrganizePSO\OrganizePSOPrimitive\SinglePSOPrimitiveSubtract\SinglePSOPrimitiveSubtract.h">
      <Filter>Engine\Include\DirectXBase\DirectXDraw\BaseOrganizePSO\OrganizePSOPrimitive\SinglePSOPrimitiveSubtract</Filter>
    </ClInclude>
    <ClInclude Include="Engine\DirectXBase\DirectXDraw\BaseOrganizePSO\OrganizePSOPrimitive\SinglePSOPrimitiveMultiply\SinglePSOPrimitiveMultiply.h">
      <Filter>Engine\Include\DirectXBase\DirectXDraw\BaseOrganizePSO\OrganizePSOPrimitive\SinglePSOPrimitiveMultiply</Filter>
    </ClInclude>
    <ClInclude Include="Engine\DirectXBase\DirectXDraw\BaseOrganizePSO\OrganizePSOPrimitive\SinglePSOPrimitiveScreen\SinglePSOPrimitiveScreen.h">
      <Filter>Engine\Include\DirectXBase\DirectXDraw\BaseOrganizePSO\OrganizePSOPrimitive\SinglePSOPrimitiveScreen</Filter>
    </ClInclude>
    <ClInclude Include="Engine\DirectXBase\DirectXDraw\BaseMesh\MeshCube\MeshCube.h">
      <Filter>Engine\Include\DirectXBase\DirectXDraw\BaseMesh\MeshCube</Filter>
    </ClInclude>
    <ClInclude Include="Engine\DirectXBase\DirectXDraw\BaseMesh\MeshSprite\MeshSprite.h">
      <Filter>Engine\Include\DirectXBase\DirectXDraw\BaseMesh\MeshSprite</Filter>
    </ClInclude>
    <ClInclude Include="Engine\DirectXBase\DirectXDraw\ResourcesData\PrimitiveResourcesData\PrimitiveResourcesData.h">
      <Filter>Engine\Include\DirectXBase\DirectXDraw\ResourcesData\PrimitiveResourcesData</Filter>
    </ClInclude>
    <ClInclude Include="Engine\DirectXBase\DirectXDraw\ResourcesData\PrimitiveResourcesData\PrimitiveResourcesCube\PrimitiveResourcesCube.h">
      <Filter>Engine\Include\DirectXBase\DirectXDraw\ResourcesData\PrimitiveResourcesData\PrimitiveResourcesCube</Filter>
    </ClInclude>
    <ClInclude Include="Engine\DirectXBase\DirectXDraw\ResourcesData\PrimitiveResourcesData\PrimitiveResourcesSprite\PrimitiveResourcesSprite.h">
      <Filter>Engine\Include\DirectXBase\DirectXDraw\ResourcesData\PrimitiveResourcesData\PrimitiveResourcesSprite</Filter>
    </ClInclude>
    <ClInclude Include="Engine\DirectXBase\DirectXDraw\ResourcesData\PrimitiveResourcesData\PrimitiveResourcesUVSphere\PrimitiveResourcesUVSphere.h">
      <Filter>Engine\Include\DirectXBase\DirectXDraw\ResourcesData\PrimitiveResourcesData\PrimitiveResourcesUVSphere</Filter>
    </ClInclude>
    <ClInclude Include="Engine\DirectXBase\DirectXDraw\ResourcesData\DirectionalLightResourcesData\DirectionalLightResourcesData.h">
      <Filter>Engine\Include\DirectXBase\DirectXDraw\ResourcesData\DirectionalLightResourcesData</Filter>
    </ClInclude>
    <ClInclude Include="Engine\Func\LoadModel\LoadModel.h">
      <Filter>Engine\Include\Func\LoadModel</Filter>
    </ClInclude>
    <ClInclude Include="Engine\DirectXBase\DirectXDraw\BaseMesh\MeshModel\MeshModel.h">
      <Filter>Engine\Include\DirectXBase\DirectXDraw\BaseMesh\MeshModel</Filter>
    </ClInclude>
    <ClInclude Include="Engine\DirectXBase\DirectXDraw\ResourcesData\MaterialResourcesDataCBV\MaterialResourcesDataCBV.h">
      <Filter>Engine\Include\DirectXBase\DirectXDraw\ResourcesData\MaterialResourcesDataCBV</Filter>
    </ClInclude>
    <ClInclude Include="Engine\DirectXBase\DirectXDraw\ResourcesData\TransformationResourcesDataCBV\TransformationResourcesDataCBV.h">
      <Filter>Engine\Include\DirectXBase\DirectXDraw\ResourcesData\TransformationResourcesDataCBV</Filter>
    </ClInclude>
    <ClInclude Include="Engine\DirectXBase\DirectXDraw\ResourcesData\MainCameraResourcesDataCBV\MainCameraResourcesDataCBV.h">
      <Filter>Engine\Include\DirectXBase\DirectXDraw\ResourcesData\MainCameraResourcesDataCBV</Filter>
    </ClInclude>
    <ClInclude Include="Engine\DirectXBase\DirectXDraw\DataForGPU\CameraDataForGPU\CameraDataForGPU.h">
      <Filter>Engine\Include\DirectXBase\DirectXDraw\DataForGPU\CameraDataForGPU</Filter>
    </ClInclude>
    <ClInclude Include="Engine\DirectXBase\DirectXDraw\BaseMesh\MeshOptions\Material\Material.h">
      <Filter>Engine\Include\DirectXBase\DirectXDraw\BaseMesh\MeshOptions\Material</Filter>
    </ClInclude>
    <ClInclude Include="Engine\DirectXBase\DirectXDraw\ResourcesData\PointLightResourcesData\PointLightResourcesData.h">
      <Filter>Engine\Include\DirectXBase\DirectXDraw\ResourcesData\PointLightResourcesData</Filter>
    </ClInclude>
    <ClInclude Include="Engine\DirectXBase\DirectXDraw\ResourcesData\SpotLightResourcesData\SpotLightResourcesData.h">
      <Filter>Engine\Include\DirectXBase\DirectXDraw\ResourcesData\SpotLightResourcesData</Filter>
    </ClInclude>
    <ClInclude Include="Engine\GameCamera\GameCamera.h">
      <Filter>Engine\Include\GameCamera</Filter>
    </ClInclude>
    <ClInclude Include="Engine\GameCamera\MainCamera\MainCamera.h">
      <Filter>Engine\Include\GameCamera\MainCamera</Filter>
    </ClInclude>
    <ClInclude Include="Engine\GameCamera\DebugCamera\DebugCamera.h">
      <Filter>Engine\Include\GameCamera\DebugCamera</Filter>
    </ClInclude>
    <ClInclude Include="Game\Scene\GameScene\GameScene.h">
      <Filter>Game\Scene\GameScene</Filter>
    </ClInclude>
    <ClInclude Include="Engine\Math\Probability\Probability.h">
      <Filter>Engine\Include\Math\Probability</Filter>
    </ClInclude>
    <ClInclude Include="Engine\Math\Quaternion\Quaternion.h">
      <Filter>Engine\Include\Math\Quaternion</Filter>
    </ClInclude>
    <ClInclude Include="Engine\Math\Easing\Easing.h">
      <Filter>Engine\Include\Math\Easing</Filter>
    </ClInclude>
    <ClInclude Include="Engine\DirectXBase\DirectXDraw\BaseOrganizePSO\OrganizePSOSprite\OrganizePSOSprite.h">
      <Filter>Engine\Include\DirectXBase\DirectXDraw\BaseOrganizePSO\OrgnaizePSOSprite</Filter>
    </ClInclude>
    <ClInclude Include="Engine\DirectXBase\DirectXDraw\BaseOrganizePSO\OrganizePSOSprite\SinglePSOSpriteSubtract\SinglePSOSpriteSubtract.h">
      <Filter>Engine\Include\DirectXBase\DirectXDraw\BaseOrganizePSO\OrgnaizePSOSprite\SinglePSOSpriteSubtract</Filter>
    </ClInclude>
    <ClInclude Include="Engine\DirectXBase\DirectXDraw\BaseOrganizePSO\OrganizePSOSprite\SinglePSOSpriteScreen\SinglePSOSpriteScreen.h">
      <Filter>Engine\Include\DirectXBase\DirectXDraw\BaseOrganizePSO\OrgnaizePSOSprite\SinglePSOSpriteScreen</Filter>
    </ClInclude>
    <ClInclude Include="Engine\DirectXBase\DirectXDraw\BaseOrganizePSO\OrganizePSOSprite\SinglePSOSpriteNormal\SinglePSOSpriteNormal.h">
      <Filter>Engine\Include\DirectXBase\DirectXDraw\BaseOrganizePSO\OrgnaizePSOSprite\SinglePSOSpriteNormal</Filter>
    </ClInclude>
    <ClInclude Include="Engine\DirectXBase\DirectXDraw\BaseOrganizePSO\OrganizePSOSprite\SinglePSOSpriteNone\SinglePSOSpriteNone.h">
      <Filter>Engine\Include\DirectXBase\DirectXDraw\BaseOrganizePSO\OrgnaizePSOSprite\SinglePSOSpriteNone</Filter>
    </ClInclude>
    <ClInclude Include="Engine\DirectXBase\DirectXDraw\BaseOrganizePSO\OrganizePSOSprite\SinglePSOSpriteMultiply\SinglePSOSpriteMultiply.h">
      <Filter>Engine\Include\DirectXBase\DirectXDraw\BaseOrganizePSO\OrgnaizePSOSprite\SinglePSOSpriteMultiply</Filter>
    </ClInclude>
    <ClInclude Include="Engine\DirectXBase\DirectXDraw\BaseOrganizePSO\OrganizePSOSprite\SinglePSOSpriteAdd\SinglePSOSpriteAdd.h">
      <Filter>Engine\Include\DirectXBase\DirectXDraw\BaseOrganizePSO\OrgnaizePSOSprite\SinglePSOSpriteAdd</Filter>
    </ClInclude>
    <ClInclude Include="Engine\DirectXBase\DirectXDraw\ResourcesData\RenderTargetResources\RenderTargetResources.h">
      <Filter>Engine\Include\DirectXBase\DirectXDraw\ResourcesData\RenderTargetResources</Filter>
    </ClInclude>
    <ClInclude Include="Engine\DirectXBase\DirectXDraw\OffscreenDraw\OffscreenDraw.h">
      <Filter>Engine\Include\DirectXBase\DirectXDraw\OffscreenDraw</Filter>
    </ClInclude>
    <ClInclude Include="Engine\DirectXBase\DirectXDraw\OffscreenDraw\BasePSOPostEffect\BasePSOPostEffect.h">
      <Filter>Engine\Include\DirectXBase\DirectXDraw\OffscreenDraw\BasePSOPostEffect</Filter>
    </ClInclude>
    <ClInclude Include="Engine\DirectXBase\DirectXDraw\OffscreenDraw\BasePSOPostEffect\PSOCopyImage\PSOCopyImage.h">
      <Filter>Engine\Include\DirectXBase\DirectXDraw\OffscreenDraw\BasePSOPostEffect\PSOCopyImage</Filter>
    </ClInclude>
    <ClInclude Include="Engine\DirectXBase\DirectXDraw\ModelStore\BaseModelResources\BaseModelResources.h">
      <Filter>Engine\Include\DirectXBase\DirectXDraw\ModelStore\BaseModelResources</Filter>
    </ClInclude>
    <ClInclude Include="Engine\DirectXBase\DirectXDraw\ModelStore\BaseModelResources\ObjModelResources\ObjModelResources.h">
      <Filter>Engine\Include\DirectXBase\DirectXDraw\ModelStore\BaseModelResources\ObjModelResources</Filter>
    </ClInclude>
    <ClInclude Include="Engine\DirectXBase\DirectXDraw\ModelStore\BaseModelResources\GltfModelResources\GltfModelResources.h">
      <Filter>Engine\Include\DirectXBase\DirectXDraw\ModelStore\BaseModelResources\GltfModelResources</Filter>
    </ClInclude>
    <ClInclude Include="Engine\DirectXBase\DirectXDraw\ModelStore\ModelData\Node\Node.h">
      <Filter>Engine\Include\DirectXBase\DirectXDraw\ModelStore\ModelData\Node</Filter>
    </ClInclude>
    <ClInclude Include="Engine\DirectXBase\DirectXDraw\ModelStore\ModelData\AnimationData\AnimationData.h">
      <Filter>Engine\Include\DirectXBase\DirectXDraw\ModelStore\ModelData\AnimationData</Filter>
    </ClInclude>
    <ClInclude Include="Engine\DirectXBase\DirectXDraw\ModelStore\ModelData\SkeletonData\SkeletonData.h">
      <Filter>Engine\Include\DirectXBase\DirectXDraw\ModelStore\ModelData\SkeletonData</Filter>
    </ClInclude>
    <ClInclude Include="Engine\DirectXBase\DirectXDraw\ModelStore\ModelData\WeightData\WeightData.h">
      <Filter>Engine\Include\DirectXBase\DirectXDraw\ModelStore\ModelData\WeightData</Filter>
    </ClInclude>
    <ClInclude Include="Engine\DirectXBase\DirectXDraw\ModelStore\ModelData\Influence\Influence.h">
      <Filter>Engine\Include\DirectXBase\DirectXDraw\ModelStore\ModelData\Influence</Filter>
    </ClInclude>
    <ClInclude Include="Engine\DirectXBase\DirectXDraw\ModelStore\ModelData\SkinCluster\SkinCluster.h">
      <Filter>Engine\Include\DirectXBase\DirectXDraw\ModelStore\ModelData\SkinCluster</Filter>
    </ClInclude>
    <ClInclude Include="Engine\DirectXBase\DirectXDraw\BaseOrganizePSO\OrganizePSOSkinningModel\OrganizePSOSkinningModel.h">
      <Filter>Engine\Include\DirectXBase\DirectXDraw\BaseOrganizePSO\OrganizePSOSkinningModel</Filter>
    </ClInclude>
    <ClInclude Include="Engine\DirectXBase\DirectXDraw\BaseOrganizePSO\OrganizePSOSkinningModel\SinglePSOSkinningModelNone\SinglePSOSkinningModelNone.h">
      <Filter>Engine\Include\DirectXBase\DirectXDraw\BaseOrganizePSO\OrganizePSOSkinningModel\SinglePSOSkinningModelNone</Filter>
    </ClInclude>
    <ClInclude Include="Engine\DirectXBase\DirectXDraw\BaseOrganizePSO\OrganizePSOSkinningModel\SinglePSOSkinningModelNormal\SinglePSOSkinningModelNormal.h">
      <Filter>Engine\Include\DirectXBase\DirectXDraw\BaseOrganizePSO\OrganizePSOSkinningModel\SinglePSOSkinningModelNormal</Filter>
    </ClInclude>
    <ClInclude Include="Engine\DirectXBase\DirectXDraw\BaseOrganizePSO\OrganizePSOSkinningModel\SinglePSOSkinningModelAdd\SinglePSOSkinningModelAdd.h">
      <Filter>Engine\Include\DirectXBase\DirectXDraw\BaseOrganizePSO\OrganizePSOSkinningModel\SinglePSOSkinningModelAdd</Filter>
    </ClInclude>
    <ClInclude Include="Engine\DirectXBase\DirectXDraw\BaseOrganizePSO\OrganizePSOSkinningModel\SinglePSOSkinningModelSubtract\SinglePSOSkinningModelSubtract.h">
      <Filter>Engine\Include\DirectXBase\DirectXDraw\BaseOrganizePSO\OrganizePSOSkinningModel\SinglePSOSkinningModelSubtract</Filter>
    </ClInclude>
    <ClInclude Include="Engine\DirectXBase\DirectXDraw\BaseOrganizePSO\OrganizePSOSkinningModel\SinglePSOSkinningModelMultiply\SinglePSOSkinningModelMultiply.h">
      <Filter>Engine\Include\DirectXBase\DirectXDraw\BaseOrganizePSO\OrganizePSOSkinningModel\SinglePSOSkinningModelMultiply</Filter>
    </ClInclude>
    <ClInclude Include="Engine\DirectXBase\DirectXDraw\BaseOrganizePSO\OrganizePSOSkinningModel\SinglePSOSkinningModelScreen\SinglePSOSkinningModelScreen.h">
      <Filter>Engine\Include\DirectXBase\DirectXDraw\BaseOrganizePSO\OrganizePSOSkinningModel\SinglePSOSkinningModelScreen</Filter>
    </ClInclude>
    <ClInclude Include="Engine\DirectXBase\DirectXDraw\ResourcesData\PrimitiveResourcesData\PrimitiveResourcesPlane\PrimitiveResourcesPlane.h">
      <Filter>Engine\Include\DirectXBase\DirectXDraw\ResourcesData\PrimitiveResourcesData\PrimitiveResourcesPlane</Filter>
    </ClInclude>
    <ClInclude Include="Engine\DirectXBase\DirectXDraw\BaseMesh\MeshPlane\MeshPlane.h">
      <Filter>Engine\Include\DirectXBase\DirectXDraw\BaseMesh\MeshPlane</Filter>
    </ClInclude>
    <ClInclude Include="Game\Scene\GameScene\BaseCharacter\BaseCharacter.h">
      <Filter>Game\Scene\GameScene\BaseCharacter</Filter>
    </ClInclude>
    <ClInclude Include="Game\Scene\GameScene\GameSystem\InputHandler\Keyboard\InputMoveKey\InputMoveKey.h">
      <Filter>Game\Scene\GameScene\GameSystem\InputHandler\Keyboard\InputMoveKey</Filter>
    </ClInclude>
    <ClInclude Include="Game\Scene\GameScene\GameSystem\SystemLogic\LogicMove\LogicMove.h">
      <Filter>Game\Scene\GameScene\GameSystem\SystemLogic\LogicMove</Filter>
    </ClInclude>
    <ClInclude Include="Game\Scene\GameScene\GameSystem\InputHandler\Gamepad\InputMoveGamepad\InputMoveGamepad.h">
      <Filter>Game\Scene\GameScene\GameSystem\InputHandler\Gamepad\InputMoveGamepad</Filter>
    </ClInclude>
    <ClInclude Include="Game\Scene\GameScene\GameSystem\SystemLogic\LogicMoveSpeed\LogicMoveSpeed.h">
      <Filter>Game\Scene\GameScene\GameSystem\SystemLogic\LogicMoveSpeed</Filter>
    </ClInclude>
    <ClInclude Include="Game\Scene\GameScene\BaseCharacter\Player\Player.h">
      <Filter>Game\Scene\GameScene\BaseCharacter\Player</Filter>
    </ClInclude>
    <ClInclude Include="Game\Scene\GameScene\GameSystem\InputHandler\Gamepad\InputDashGamepad\InputDashGamepad.h">
      <Filter>Game\Scene\GameScene\GameSystem\InputHandler\Gamepad\InputDashGamepad</Filter>
    </ClInclude>
    <ClInclude Include="Game\Scene\GameScene\GameSystem\InputHandler\Keyboard\InputDashKey\InputDashKey.h">
      <Filter>Game\Scene\GameScene\GameSystem\InputHandler\Keyboard\InputDashKey</Filter>
    </ClInclude>
    <ClInclude Include="Game\Scene\GameScene\GameSystem\SystemController\MoveController\MoveController.h">
      <Filter>Game\Scene\GameScene\GameSystem\SystemController\MoveController</Filter>
    </ClInclude>
    <ClInclude Include="Engine\RecordSetting\RecordSetting.h">
      <Filter>Engine\Include\RecordSetting</Filter>
    </ClInclude>
    <ClInclude Include="Engine\DirectXBase\ImGuiRender\ImGuiRender.h">
      <Filter>Engine\Include\DirectXBase\ImGuiRender</Filter>
    </ClInclude>
    <ClInclude Include="Engine\Func\Random\Random.h">
      <Filter>Engine\Include\Func\Random</Filter>
    </ClInclude>
    <ClInclude Include="Engine\DirectXBase\DirectXDraw\ParticleStore\ParticleStore.h">
      <Filter>Engine\Include\DirectXBase\DirectXDraw\ParticleStore</Filter>
    </ClInclude>
    <ClInclude Include="Engine\DirectXBase\DirectXDraw\ResourcesData\ParticleDataInstancing\ParticleDataInstancing.h">
      <Filter>Engine\Include\DirectXBase\DirectXDraw\ResourcesData\TransformationResourceDataInstancing</Filter>
    </ClInclude>
    <ClInclude Include="Engine\DirectXBase\DirectXDraw\ParticleStore\BaseParticleData\BaseParticleData.h">
      <Filter>Engine\Include\DirectXBase\DirectXDraw\ParticleStore\BaseParticleData</Filter>
    </ClInclude>
    <ClInclude Include="Engine\DirectXBase\DirectXDraw\ParticleStore\BaseParticleData\BiilboardParticleData\BiilboardParticleData.h">
      <Filter>Engine\Include\DirectXBase\DirectXDraw\ParticleStore\BaseParticleData\BiilboardParticleData</Filter>
    </ClInclude>
    <ClInclude Include="Engine\DirectXBase\DirectXDraw\ParticleStore\BaseParticleData\ModelParticleData\ModelParticleData.h">
      <Filter>Engine\Include\DirectXBase\DirectXDraw\ParticleStore\BaseParticleData\ModelParticleData</Filter>
    </ClInclude>
    <ClInclude Include="Engine\Handle\Handle.h">
      <Filter>Engine\Include\Handle</Filter>
    </ClInclude>
    <ClInclude Include="Engine\DirectXBase\DirectXDraw\ResourcesData\PrimitiveResourcesData\PrimitiveResourcesBillboard\PrimitiveResourcesBillboard.h">
      <Filter>Engine\Include\DirectXBase\DirectXDraw\ResourcesData\PrimitiveResourcesData\PrimitiveResourcesBillboard</Filter>
    </ClInclude>
    <ClInclude Include="Engine\DirectXBase\DirectXDraw\ParticleStore\ParticleEmitter\BillboardParticleEmitter\BillboardParticleEmitter.h">
      <Filter>Engine\Include\DirectXBase\DirectXDraw\ParticleStore\ParticleEmitter\BillboardParticleEmitter</Filter>
    </ClInclude>
    <ClInclude Include="Engine\DirectXBase\DirectXDraw\ParticleStore\ParticleEmitter\ModelParticleEmitter\ModelParticleEmitter.h">
      <Filter>Engine\Include\DirectXBase\DirectXDraw\ParticleStore\ParticleEmitter\ModelParticleEmitter</Filter>
    </ClInclude>
    <ClInclude Include="Engine\DirectXBase\DirectXDraw\BaseOrganizePSO\OrganizePSOParticle\OrganizePSOParticle.h">
      <Filter>Engine\Include\DirectXBase\DirectXDraw\BaseOrganizePSO\OrganizePSOParticle</Filter>
    </ClInclude>
    <ClInclude Include="Engine\DirectXBase\DirectXDraw\BaseOrganizePSO\OrganizePSOParticle\SinglePSOParticleNone\SinglePSOParticleNone.h">
      <Filter>Engine\Include\DirectXBase\DirectXDraw\BaseOrganizePSO\OrganizePSOParticle\SinglePSOParticleNone</Filter>
    </ClInclude>
    <ClInclude Include="Engine\DirectXBase\DirectXDraw\BaseOrganizePSO\OrganizePSOParticle\SinglePSOParticleNormal\SinglePSOParticleNormal.h">
      <Filter>Engine\Include\DirectXBase\DirectXDraw\BaseOrganizePSO\OrganizePSOParticle\SinglePSOParticleNormal</Filter>
    </ClInclude>
    <ClInclude Include="Engine\DirectXBase\DirectXDraw\BaseOrganizePSO\OrganizePSOParticle\SinglePSOParticleAdd\SinglePSOParticleAdd.h">
      <Filter>Engine\Include\DirectXBase\DirectXDraw\BaseOrganizePSO\OrganizePSOParticle\SinglePSOParticleAdd</Filter>
    </ClInclude>
    <ClInclude Include="Engine\DirectXBase\DirectXDraw\BaseOrganizePSO\OrganizePSOParticle\SinglePSOParticleSubtract\SinglePSOParticleSubtract.h">
      <Filter>Engine\Include\DirectXBase\DirectXDraw\BaseOrganizePSO\OrganizePSOParticle\SignelPSOParticleSubtract</Filter>
    </ClInclude>
    <ClInclude Include="Engine\DirectXBase\DirectXDraw\BaseOrganizePSO\OrganizePSOParticle\SinglePSOParticleMultiply\SinglePSOParticleMultiply.h">
      <Filter>Engine\Include\DirectXBase\DirectXDraw\BaseOrganizePSO\OrganizePSOParticle\SinglePSOParticleMultiply</Filter>
    </ClInclude>
    <ClInclude Include="Engine\DirectXBase\DirectXDraw\BaseOrganizePSO\OrganizePSOParticle\SinglePSOParticleScreen\SinglePSOParticleScreen.h">
      <Filter>Engine\Include\DirectXBase\DirectXDraw\BaseOrganizePSO\OrganizePSOParticle\SinglePSOParticleScreen</Filter>
    </ClInclude>
    <ClInclude Include="Engine\DirectXBase\DirectXDraw\ParticleStore\ParticleInstance\ParticleInstance.h">
      <Filter>Engine\Include\DirectXBase\DirectXDraw\ParticleStore\ParticleInstance</Filter>
    </ClInclude>
    <ClInclude Include="Engine\Framework\Framework.h">
      <Filter>Engine\Include\Framework</Filter>
    </ClInclude>
    <ClInclude Include="Engine\Scene\BaseScene\BaseScene.h">
      <Filter>Engine\Include\Scene\BaseScene</Filter>
    </ClInclude>
    <ClInclude Include="Engine\Scene\SceneManager\SceneManager.h">
      <Filter>Engine\Include\Scene\SceneManager</Filter>
    </ClInclude>
    <ClInclude Include="Game\Scene\TitleScene\TitleScene.h">
      <Filter>Game\Scene\TitleScene</Filter>
    </ClInclude>
    <ClInclude Include="Engine\Scene\BaseSceneFactory\BaseSceneFactory.h">
      <Filter>Engine\Include\Scene\BaseSceneFactory</Filter>
    </ClInclude>
    <ClInclude Include="Game\SceneFactory\SceneFactory.h">
      <Filter>Game\SceneFactory</Filter>
    </ClInclude>
    <ClInclude Include="Engine\DirectXBase\DirectXDraw\DataForGPU\ParticleForGPU\ParticleForGPU.h">
      <Filter>Engine\Include\DirectXBase\DirectXDraw\DataForGPU\ParticleForGPU</Filter>
    </ClInclude>
    <ClInclude Include="Game\Scene\GameScene\GameSystem\SystemLogic\LogicMoveRotate\LogicMoveRotate.h">
      <Filter>Game\Scene\GameScene\GameSystem\SystemLogic\LogicMoveRotate</Filter>
    </ClInclude>
    <ClInclude Include="Game\Scene\GameScene\GameSystem\InputHandler\Gamepad\InputStanceGamepad\InputStanceGamepad.h">
      <Filter>Game\Scene\GameScene\GameSystem\InputHandler\Gamepad\InputStanceGamepad</Filter>
    </ClInclude>
    <ClInclude Include="Game\Scene\GameScene\GameSystem\InputHandler\Keyboard\InputStanceKey\InputStanceKey.h">
      <Filter>Game\Scene\GameScene\GameSystem\InputHandler\Keyboard\InputStanceKey</Filter>
    </ClInclude>
    <ClInclude Include="Game\Scene\GameScene\BaseCharacter\Enemy\Enemy.h">
      <Filter>Game\Scene\GameScene\BaseCharacter\Enemy</Filter>
    </ClInclude>
    <ClInclude Include="Game\Scene\GameScene\GameSystem\InputHandler\Gamepad\InputMainCameraRotateGamepad\InputMainCameraRotateGamepad.h">
      <Filter>Game\Scene\GameScene\GameSystem\InputHandler\Gamepad\InputMainCameraRotateGamepad</Filter>
    </ClInclude>
    <ClInclude Include="Game\Scene\GameScene\GameSystem\SystemLogic\LogicMainCameraRotateSpeed\LogicMainCameraRotateSpeed.h">
      <Filter>Game\Scene\GameScene\GameSystem\SystemLogic\LogicMainCameraRotateSpeed</Filter>
    </ClInclude>
    <ClInclude Include="Game\Scene\GameScene\GameSystem\SystemController\MainCameraRotateController\MainCameraRotateController.h">
      <Filter>Game\Scene\GameScene\GameSystem\SystemController\MainCameraRotateController</Filter>
    </ClInclude>
    <ClInclude Include="Game\Scene\GameScene\GameSystem\InputHandler\Keyboard\InputMainCameraRotateKey\InputMainCameraRotateKey.h">
      <Filter>Game\Scene\GameScene\GameSystem\InputHandler\Keyboard\InputMainCameraRotateKey</Filter>
    </ClInclude>
  </ItemGroup>
  <ItemGroup>
    <FxCompile Include="Resources\Shader\Primitive\Primitive.VS.hlsl">
      <Filter>Engine\Shader\Primitive</Filter>
    </FxCompile>
    <FxCompile Include="Resources\Shader\Primitive\Primitive.PS.hlsl">
      <Filter>Engine\Shader\Primitive</Filter>
    </FxCompile>
    <FxCompile Include="Resources\Shader\PostEffect\Fullscreen.VS.hlsl">
      <Filter>Engine\Shader\PostEffect</Filter>
    </FxCompile>
    <FxCompile Include="Resources\Shader\PostEffect\CopyImage\CopyImage.PS.hlsl">
      <Filter>Engine\Shader\PostEffect\CopyImage</Filter>
    </FxCompile>
    <FxCompile Include="Resources\Shader\SkinningModel\SkinningModel.VS.hlsl">
      <Filter>Engine\Shader\SkinningModel</Filter>
    </FxCompile>
    <FxCompile Include="Resources\Shader\Particle\Particle.VS.hlsl">
      <Filter>Engine\Shader\Particle</Filter>
    </FxCompile>
    <FxCompile Include="Resources\Shader\Particle\Particle.PS.hlsl">
      <Filter>Engine\Shader\Particle</Filter>
    </FxCompile>
  </ItemGroup>
  <ItemGroup>
    <None Include="Resources\Shader\Primitive\Primitive.hlsli">
      <Filter>Engine\Shader\Primitive</Filter>
    </None>
    <None Include="Resources\Shader\PostEffect\Fullscreen.hlsli">
      <Filter>Engine\Shader\PostEffect</Filter>
    </None>
    <None Include="Resources\Shader\Particle\Particle.hlsli">
      <Filter>Engine\Shader\Particle</Filter>
    </None>
  </ItemGroup>
</Project>